// !$*UTF8*$!
{
	archiveVersion = 1;
	classes = {
	};
	objectVersion = 46;
	objects = {

/* Begin PBXBuildFile section */
		090F13F916807D220020EDC2 /* UIKit.framework in Frameworks */ = {isa = PBXBuildFile; fileRef = 090F13F816807D220020EDC2 /* UIKit.framework */; };
		090F13FB16807D220020EDC2 /* Foundation.framework in Frameworks */ = {isa = PBXBuildFile; fileRef = 090F13FA16807D220020EDC2 /* Foundation.framework */; };
		090F13FD16807D220020EDC2 /* CoreGraphics.framework in Frameworks */ = {isa = PBXBuildFile; fileRef = 090F13FC16807D220020EDC2 /* CoreGraphics.framework */; };
		090F140316807D220020EDC2 /* InfoPlist.strings in Resources */ = {isa = PBXBuildFile; fileRef = 090F140116807D220020EDC2 /* InfoPlist.strings */; };
		090F140516807D220020EDC2 /* main.m in Sources */ = {isa = PBXBuildFile; fileRef = 090F140416807D220020EDC2 /* main.m */; };
		090F140B16807D220020EDC2 /* Default.png in Resources */ = {isa = PBXBuildFile; fileRef = 090F140A16807D220020EDC2 /* Default.png */; };
		090F140D16807D220020EDC2 /* Default@2x.png in Resources */ = {isa = PBXBuildFile; fileRef = 090F140C16807D220020EDC2 /* Default@2x.png */; };
		090F140F16807D220020EDC2 /* Default-568h@2x.png in Resources */ = {isa = PBXBuildFile; fileRef = 090F140E16807D220020EDC2 /* Default-568h@2x.png */; };
		090F143016807E2A0020EDC2 /* AppDelegate.m in Sources */ = {isa = PBXBuildFile; fileRef = 090F142216807E2A0020EDC2 /* AppDelegate.m */; };
		090F143116807E2A0020EDC2 /* FirstDetailTableViewController.m in Sources */ = {isa = PBXBuildFile; fileRef = 090F142416807E2A0020EDC2 /* FirstDetailTableViewController.m */; };
		090F143216807E2A0020EDC2 /* FirstTableCell.m in Sources */ = {isa = PBXBuildFile; fileRef = 090F142616807E2A0020EDC2 /* FirstTableCell.m */; };
		090F143316807E2A0020EDC2 /* FirstTableViewController.m in Sources */ = {isa = PBXBuildFile; fileRef = 090F142816807E2A0020EDC2 /* FirstTableViewController.m */; };
		090F143416807E2A0020EDC2 /* FirstViewController.m in Sources */ = {isa = PBXBuildFile; fileRef = 090F142A16807E2A0020EDC2 /* FirstViewController.m */; };
		090F143516807E2A0020EDC2 /* SDSegmentedControl.m in Sources */ = {isa = PBXBuildFile; fileRef = 090F142D16807E2A0020EDC2 /* SDSegmentedControl.m */; };
		090F143616807E2A0020EDC2 /* TabBarViewController.m in Sources */ = {isa = PBXBuildFile; fileRef = 090F142F16807E2A0020EDC2 /* TabBarViewController.m */; };
		090F143E16807F260020EDC2 /* MainStoryboard.storyboard in Resources */ = {isa = PBXBuildFile; fileRef = 090F143D16807F260020EDC2 /* MainStoryboard.storyboard */; };
		090F144116807F7F0020EDC2 /* QuartzCore.framework in Frameworks */ = {isa = PBXBuildFile; fileRef = 090F144016807F7F0020EDC2 /* QuartzCore.framework */; };
		090F144316807FFE0020EDC2 /* clock.png in Resources */ = {isa = PBXBuildFile; fileRef = 090F144216807FFE0020EDC2 /* clock.png */; };
/* End PBXBuildFile section */

/* Begin PBXFileReference section */
		090F13F416807D220020EDC2 /* Q&A.app */ = {isa = PBXFileReference; explicitFileType = wrapper.application; includeInIndex = 0; path = "Q&A.app"; sourceTree = BUILT_PRODUCTS_DIR; };
		090F13F816807D220020EDC2 /* UIKit.framework */ = {isa = PBXFileReference; lastKnownFileType = wrapper.framework; name = UIKit.framework; path = System/Library/Frameworks/UIKit.framework; sourceTree = SDKROOT; };
		090F13FA16807D220020EDC2 /* Foundation.framework */ = {isa = PBXFileReference; lastKnownFileType = wrapper.framework; name = Foundation.framework; path = System/Library/Frameworks/Foundation.framework; sourceTree = SDKROOT; };
		090F13FC16807D220020EDC2 /* CoreGraphics.framework */ = {isa = PBXFileReference; lastKnownFileType = wrapper.framework; name = CoreGraphics.framework; path = System/Library/Frameworks/CoreGraphics.framework; sourceTree = SDKROOT; };
		090F140016807D220020EDC2 /* Q&A-Info.plist */ = {isa = PBXFileReference; lastKnownFileType = text.plist.xml; path = "Q&A-Info.plist"; sourceTree = "<group>"; };
		090F140216807D220020EDC2 /* en */ = {isa = PBXFileReference; lastKnownFileType = text.plist.strings; name = en; path = en.lproj/InfoPlist.strings; sourceTree = "<group>"; };
		090F140416807D220020EDC2 /* main.m */ = {isa = PBXFileReference; lastKnownFileType = sourcecode.c.objc; path = main.m; sourceTree = "<group>"; };
		090F140616807D220020EDC2 /* Q&A-Prefix.pch */ = {isa = PBXFileReference; lastKnownFileType = sourcecode.c.h; path = "Q&A-Prefix.pch"; sourceTree = "<group>"; };
		090F140A16807D220020EDC2 /* Default.png */ = {isa = PBXFileReference; lastKnownFileType = image.png; path = Default.png; sourceTree = "<group>"; };
		090F140C16807D220020EDC2 /* Default@2x.png */ = {isa = PBXFileReference; lastKnownFileType = image.png; path = "Default@2x.png"; sourceTree = "<group>"; };
		090F140E16807D220020EDC2 /* Default-568h@2x.png */ = {isa = PBXFileReference; lastKnownFileType = image.png; path = "Default-568h@2x.png"; sourceTree = "<group>"; };
		090F142116807E2A0020EDC2 /* AppDelegate.h */ = {isa = PBXFileReference; fileEncoding = 4; lastKnownFileType = sourcecode.c.h; path = AppDelegate.h; sourceTree = "<group>"; };
		090F142216807E2A0020EDC2 /* AppDelegate.m */ = {isa = PBXFileReference; fileEncoding = 4; lastKnownFileType = sourcecode.c.objc; path = AppDelegate.m; sourceTree = "<group>"; };
		090F142316807E2A0020EDC2 /* FirstDetailTableViewController.h */ = {isa = PBXFileReference; fileEncoding = 4; lastKnownFileType = sourcecode.c.h; path = FirstDetailTableViewController.h; sourceTree = "<group>"; };
		090F142416807E2A0020EDC2 /* FirstDetailTableViewController.m */ = {isa = PBXFileReference; fileEncoding = 4; lastKnownFileType = sourcecode.c.objc; path = FirstDetailTableViewController.m; sourceTree = "<group>"; };
		090F142516807E2A0020EDC2 /* FirstTableCell.h */ = {isa = PBXFileReference; fileEncoding = 4; lastKnownFileType = sourcecode.c.h; path = FirstTableCell.h; sourceTree = "<group>"; };
		090F142616807E2A0020EDC2 /* FirstTableCell.m */ = {isa = PBXFileReference; fileEncoding = 4; lastKnownFileType = sourcecode.c.objc; path = FirstTableCell.m; sourceTree = "<group>"; };
		090F142716807E2A0020EDC2 /* FirstTableViewController.h */ = {isa = PBXFileReference; fileEncoding = 4; lastKnownFileType = sourcecode.c.h; path = FirstTableViewController.h; sourceTree = "<group>"; };
		090F142816807E2A0020EDC2 /* FirstTableViewController.m */ = {isa = PBXFileReference; fileEncoding = 4; lastKnownFileType = sourcecode.c.objc; path = FirstTableViewController.m; sourceTree = "<group>"; };
		090F142916807E2A0020EDC2 /* FirstViewController.h */ = {isa = PBXFileReference; fileEncoding = 4; lastKnownFileType = sourcecode.c.h; path = FirstViewController.h; sourceTree = "<group>"; };
		090F142A16807E2A0020EDC2 /* FirstViewController.m */ = {isa = PBXFileReference; fileEncoding = 4; lastKnownFileType = sourcecode.c.objc; path = FirstViewController.m; sourceTree = "<group>"; };
		090F142C16807E2A0020EDC2 /* SDSegmentedControl.h */ = {isa = PBXFileReference; fileEncoding = 4; lastKnownFileType = sourcecode.c.h; path = SDSegmentedControl.h; sourceTree = "<group>"; };
		090F142D16807E2A0020EDC2 /* SDSegmentedControl.m */ = {isa = PBXFileReference; fileEncoding = 4; lastKnownFileType = sourcecode.c.objc; path = SDSegmentedControl.m; sourceTree = "<group>"; };
		090F142E16807E2A0020EDC2 /* TabBarViewController.h */ = {isa = PBXFileReference; fileEncoding = 4; lastKnownFileType = sourcecode.c.h; path = TabBarViewController.h; sourceTree = "<group>"; };
		090F142F16807E2A0020EDC2 /* TabBarViewController.m */ = {isa = PBXFileReference; fileEncoding = 4; lastKnownFileType = sourcecode.c.objc; path = TabBarViewController.m; sourceTree = "<group>"; };
		090F143D16807F260020EDC2 /* MainStoryboard.storyboard */ = {isa = PBXFileReference; fileEncoding = 4; lastKnownFileType = file.storyboard; path = MainStoryboard.storyboard; sourceTree = "<group>"; };
		090F144016807F7F0020EDC2 /* QuartzCore.framework */ = {isa = PBXFileReference; lastKnownFileType = wrapper.framework; name = QuartzCore.framework; path = System/Library/Frameworks/QuartzCore.framework; sourceTree = SDKROOT; };
		090F144216807FFE0020EDC2 /* clock.png */ = {isa = PBXFileReference; lastKnownFileType = image.png; name = clock.png; path = "../../../../例程/动态SegmentedControl/Example/Example/clock.png"; sourceTree = "<group>"; };
/* End PBXFileReference section */

/* Begin PBXFrameworksBuildPhase section */
		090F13F116807D220020EDC2 /* Frameworks */ = {
			isa = PBXFrameworksBuildPhase;
			buildActionMask = 2147483647;
			files = (
				090F144116807F7F0020EDC2 /* QuartzCore.framework in Frameworks */,
				090F13F916807D220020EDC2 /* UIKit.framework in Frameworks */,
				090F13FB16807D220020EDC2 /* Foundation.framework in Frameworks */,
				090F13FD16807D220020EDC2 /* CoreGraphics.framework in Frameworks */,
			);
			runOnlyForDeploymentPostprocessing = 0;
		};
/* End PBXFrameworksBuildPhase section */

/* Begin PBXGroup section */
		090F13E916807D220020EDC2 = {
			isa = PBXGroup;
			children = (
				090F13FE16807D220020EDC2 /* Q&A */,
				090F13F716807D220020EDC2 /* Frameworks */,
				090F13F516807D220020EDC2 /* Products */,
			);
			sourceTree = "<group>";
		};
		090F13F516807D220020EDC2 /* Products */ = {
			isa = PBXGroup;
			children = (
				090F13F416807D220020EDC2 /* Q&A.app */,
			);
			name = Products;
			sourceTree = "<group>";
		};
		090F13F716807D220020EDC2 /* Frameworks */ = {
			isa = PBXGroup;
			children = (
				090F144016807F7F0020EDC2 /* QuartzCore.framework */,
				090F13F816807D220020EDC2 /* UIKit.framework */,
				090F13FA16807D220020EDC2 /* Foundation.framework */,
				090F13FC16807D220020EDC2 /* CoreGraphics.framework */,
			);
			name = Frameworks;
			sourceTree = "<group>";
		};
		090F13FE16807D220020EDC2 /* Q&A */ = {
			isa = PBXGroup;
			children = (
				090F143C16807EF80020EDC2 /* Tab bar  */,
				090F143B16807EEB0020EDC2 /* First view */,
				090F143F16807F2C0020EDC2 /* Story board */,
				090F143716807E330020EDC2 /* App Delegate */,
				090F13FF16807D220020EDC2 /* Supporting Files */,
			);
			path = "Q&A";
			sourceTree = "<group>";
		};
		090F13FF16807D220020EDC2 /* Supporting Files */ = {
			isa = PBXGroup;
			children = (
				090F140016807D220020EDC2 /* Q&A-Info.plist */,
				090F140116807D220020EDC2 /* InfoPlist.strings */,
				090F140416807D220020EDC2 /* main.m */,
				090F140616807D220020EDC2 /* Q&A-Prefix.pch */,
				090F140A16807D220020EDC2 /* Default.png */,
				090F140C16807D220020EDC2 /* Default@2x.png */,
				090F140E16807D220020EDC2 /* Default-568h@2x.png */,
			);
			name = "Supporting Files";
			sourceTree = "<group>";
		};
		090F142B16807E2A0020EDC2 /* SDSegmentedControl */ = {
			isa = PBXGroup;
			children = (
				090F144216807FFE0020EDC2 /* clock.png */,
				090F142C16807E2A0020EDC2 /* SDSegmentedControl.h */,
				090F142D16807E2A0020EDC2 /* SDSegmentedControl.m */,
			);
			path = SDSegmentedControl;
			sourceTree = "<group>";
		};
		090F143716807E330020EDC2 /* App Delegate */ = {
			isa = PBXGroup;
			children = (
				090F142116807E2A0020EDC2 /* AppDelegate.h */,
				090F142216807E2A0020EDC2 /* AppDelegate.m */,
			);
			name = "App Delegate";
			sourceTree = "<group>";
		};
		090F143816807E670020EDC2 /* First detail table view */ = {
			isa = PBXGroup;
			children = (
				090F142316807E2A0020EDC2 /* FirstDetailTableViewController.h */,
				090F142416807E2A0020EDC2 /* FirstDetailTableViewController.m */,
			);
			name = "First detail table view";
			sourceTree = "<group>";
		};
		090F143916807E970020EDC2 /* First table view */ = {
			isa = PBXGroup;
			children = (
				090F143816807E670020EDC2 /* First detail table view */,
				090F143A16807EC80020EDC2 /* First table cell */,
				090F142716807E2A0020EDC2 /* FirstTableViewController.h */,
				090F142816807E2A0020EDC2 /* FirstTableViewController.m */,
			);
			name = "First table view";
			sourceTree = "<group>";
		};
		090F143A16807EC80020EDC2 /* First table cell */ = {
			isa = PBXGroup;
			children = (
				090F142516807E2A0020EDC2 /* FirstTableCell.h */,
				090F142616807E2A0020EDC2 /* FirstTableCell.m */,
			);
			name = "First table cell";
			sourceTree = "<group>";
		};
		090F143B16807EEB0020EDC2 /* First view */ = {
			isa = PBXGroup;
			children = (
				090F143916807E970020EDC2 /* First table view */,
				090F142916807E2A0020EDC2 /* FirstViewController.h */,
				090F142A16807E2A0020EDC2 /* FirstViewController.m */,
				090F142B16807E2A0020EDC2 /* SDSegmentedControl */,
			);
			name = "First view";
			sourceTree = "<group>";
		};
		090F143C16807EF80020EDC2 /* Tab bar  */ = {
			isa = PBXGroup;
			children = (
				090F142E16807E2A0020EDC2 /* TabBarViewController.h */,
				090F142F16807E2A0020EDC2 /* TabBarViewController.m */,
			);
			name = "Tab bar ";
			sourceTree = "<group>";
		};
		090F143F16807F2C0020EDC2 /* Story board */ = {
			isa = PBXGroup;
			children = (
				090F143D16807F260020EDC2 /* MainStoryboard.storyboard */,
			);
			name = "Story board";
			sourceTree = "<group>";
		};
/* End PBXGroup section */

/* Begin PBXNativeTarget section */
		090F13F316807D220020EDC2 /* Q&A */ = {
			isa = PBXNativeTarget;
			buildConfigurationList = 090F141816807D230020EDC2 /* Build configuration list for PBXNativeTarget "Q&A" */;
			buildPhases = (
				090F13F016807D220020EDC2 /* Sources */,
				090F13F116807D220020EDC2 /* Frameworks */,
				090F13F216807D220020EDC2 /* Resources */,
			);
			buildRules = (
			);
			dependencies = (
			);
			name = "Q&A";
			productName = "Q&A";
			productReference = 090F13F416807D220020EDC2 /* Q&A.app */;
			productType = "com.apple.product-type.application";
		};
/* End PBXNativeTarget section */

/* Begin PBXProject section */
		090F13EB16807D220020EDC2 /* Project object */ = {
			isa = PBXProject;
			attributes = {
				LastUpgradeCheck = 0450;
				ORGANIZATIONNAME = "刘廷勇";
			};
			buildConfigurationList = 090F13EE16807D220020EDC2 /* Build configuration list for PBXProject "Q&A" */;
			compatibilityVersion = "Xcode 3.2";
			developmentRegion = English;
			hasScannedForEncodings = 0;
			knownRegions = (
				en,
			);
			mainGroup = 090F13E916807D220020EDC2;
			productRefGroup = 090F13F516807D220020EDC2 /* Products */;
			projectDirPath = "";
			projectRoot = "";
			targets = (
				090F13F316807D220020EDC2 /* Q&A */,
			);
		};
/* End PBXProject section */

/* Begin PBXResourcesBuildPhase section */
		090F13F216807D220020EDC2 /* Resources */ = {
			isa = PBXResourcesBuildPhase;
			buildActionMask = 2147483647;
			files = (
				090F140316807D220020EDC2 /* InfoPlist.strings in Resources */,
				090F140B16807D220020EDC2 /* Default.png in Resources */,
				090F140D16807D220020EDC2 /* Default@2x.png in Resources */,
				090F140F16807D220020EDC2 /* Default-568h@2x.png in Resources */,
				090F143E16807F260020EDC2 /* MainStoryboard.storyboard in Resources */,
				090F144316807FFE0020EDC2 /* clock.png in Resources */,
			);
			runOnlyForDeploymentPostprocessing = 0;
		};
/* End PBXResourcesBuildPhase section */

/* Begin PBXSourcesBuildPhase section */
		090F13F016807D220020EDC2 /* Sources */ = {
			isa = PBXSourcesBuildPhase;
			buildActionMask = 2147483647;
			files = (
				090F140516807D220020EDC2 /* main.m in Sources */,
				090F143016807E2A0020EDC2 /* AppDelegate.m in Sources */,
				090F143116807E2A0020EDC2 /* FirstDetailTableViewController.m in Sources */,
				090F143216807E2A0020EDC2 /* FirstTableCell.m in Sources */,
				090F143316807E2A0020EDC2 /* FirstTableViewController.m in Sources */,
				090F143416807E2A0020EDC2 /* FirstViewController.m in Sources */,
				090F143516807E2A0020EDC2 /* SDSegmentedControl.m in Sources */,
				090F143616807E2A0020EDC2 /* TabBarViewController.m in Sources */,
			);
			runOnlyForDeploymentPostprocessing = 0;
		};
/* End PBXSourcesBuildPhase section */

/* Begin PBXVariantGroup section */
		090F140116807D220020EDC2 /* InfoPlist.strings */ = {
			isa = PBXVariantGroup;
			children = (
				090F140216807D220020EDC2 /* en */,
			);
			name = InfoPlist.strings;
			sourceTree = "<group>";
		};
/* End PBXVariantGroup section */

/* Begin XCBuildConfiguration section */
		090F141616807D230020EDC2 /* Debug */ = {
			isa = XCBuildConfiguration;
			buildSettings = {
				ALWAYS_SEARCH_USER_PATHS = NO;
				CLANG_CXX_LANGUAGE_STANDARD = "gnu++0x";
				CLANG_CXX_LIBRARY = "libc++";
				CLANG_ENABLE_OBJC_ARC = YES;
				CLANG_WARN_EMPTY_BODY = YES;
				CLANG_WARN__DUPLICATE_METHOD_MATCH = YES;
				"CODE_SIGN_IDENTITY[sdk=iphoneos*]" = "iPhone Developer";
				COPY_PHASE_STRIP = NO;
				GCC_C_LANGUAGE_STANDARD = gnu99;
				GCC_DYNAMIC_NO_PIC = NO;
				GCC_OPTIMIZATION_LEVEL = 0;
				GCC_PREPROCESSOR_DEFINITIONS = (
					"DEBUG=1",
					"$(inherited)",
				);
				GCC_SYMBOLS_PRIVATE_EXTERN = NO;
				GCC_WARN_ABOUT_RETURN_TYPE = YES;
				GCC_WARN_UNINITIALIZED_AUTOS = YES;
				GCC_WARN_UNUSED_VARIABLE = YES;
				IPHONEOS_DEPLOYMENT_TARGET = 5.1;
				ONLY_ACTIVE_ARCH = YES;
				SDKROOT = iphoneos;
			};
			name = Debug;
		};
		090F141716807D230020EDC2 /* Release */ = {
			isa = XCBuildConfiguration;
			buildSettings = {
				ALWAYS_SEARCH_USER_PATHS = NO;
				CLANG_CXX_LANGUAGE_STANDARD = "gnu++0x";
				CLANG_CXX_LIBRARY = "libc++";
				CLANG_ENABLE_OBJC_ARC = YES;
				CLANG_WARN_EMPTY_BODY = YES;
				CLANG_WARN__DUPLICATE_METHOD_MATCH = YES;
				"CODE_SIGN_IDENTITY[sdk=iphoneos*]" = "iPhone Developer";
				COPY_PHASE_STRIP = YES;
				GCC_C_LANGUAGE_STANDARD = gnu99;
				GCC_WARN_ABOUT_RETURN_TYPE = YES;
				GCC_WARN_UNINITIALIZED_AUTOS = YES;
				GCC_WARN_UNUSED_VARIABLE = YES;
				IPHONEOS_DEPLOYMENT_TARGET = 5.1;
				OTHER_CFLAGS = "-DNS_BLOCK_ASSERTIONS=1";
				SDKROOT = iphoneos;
				VALIDATE_PRODUCT = YES;
			};
			name = Release;
		};
		090F141916807D230020EDC2 /* Debug */ = {
			isa = XCBuildConfiguration;
			buildSettings = {
				GCC_PRECOMPILE_PREFIX_HEADER = YES;
				GCC_PREFIX_HEADER = "Q&A/Q&A-Prefix.pch";
				INFOPLIST_FILE = "Q&A/Q&A-Info.plist";
				IPHONEOS_DEPLOYMENT_TARGET = 5.1;
				PRODUCT_NAME = "$(TARGET_NAME)";
				WRAPPER_EXTENSION = app;
			};
			name = Debug;
		};
		090F141A16807D230020EDC2 /* Release */ = {
			isa = XCBuildConfiguration;
			buildSettings = {
				GCC_PRECOMPILE_PREFIX_HEADER = YES;
				GCC_PREFIX_HEADER = "Q&A/Q&A-Prefix.pch";
				INFOPLIST_FILE = "Q&A/Q&A-Info.plist";
				IPHONEOS_DEPLOYMENT_TARGET = 5.1;
				PRODUCT_NAME = "$(TARGET_NAME)";
				WRAPPER_EXTENSION = app;
			};
			name = Release;
		};
/* End XCBuildConfiguration section */

/* Begin XCConfigurationList section */
		090F13EE16807D220020EDC2 /* Build configuration list for PBXProject "Q&A" */ = {
			isa = XCConfigurationList;
			buildConfigurations = (
				090F141616807D230020EDC2 /* Debug */,
				090F141716807D230020EDC2 /* Release */,
			);
			defaultConfigurationIsVisible = 0;
			defaultConfigurationName = Release;
		};
		090F141816807D230020EDC2 /* Build configuration list for PBXNativeTarget "Q&A" */ = {
			isa = XCConfigurationList;
			buildConfigurations = (
				090F141916807D230020EDC2 /* Debug */,
				090F141A16807D230020EDC2 /* Release */,
			);
			defaultConfigurationIsVisible = 0;
		};
/* End XCConfigurationList section */
	};
	rootObject = 090F13EB16807D220020EDC2 /* Project object */;
}
