// !$*UTF8*$!
{
	archiveVersion = 1;
	classes = {
	};
	objectVersion = 46;
	objects = {

/* Begin PBXBuildFile section */
		09065BB516A1B17D0000B256 /* 头像.png in Resources */ = {isa = PBXBuildFile; fileRef = 09065BB416A1B17D0000B256 /* 头像.png */; };
		09065BBA16A1B3960000B256 /* ThirdTableViewController.m in Sources */ = {isa = PBXBuildFile; fileRef = 09065BB916A1B3960000B256 /* ThirdTableViewController.m */; };
		09065BCB16A1CC370000B256 /* SettingsTableViewController.m in Sources */ = {isa = PBXBuildFile; fileRef = 09065BCA16A1CC370000B256 /* SettingsTableViewController.m */; };
		090C2D111682EFC5008051F1 /* Question+Insert.m in Sources */ = {isa = PBXBuildFile; fileRef = 090C2D101682EFC5008051F1 /* Question+Insert.m */; };
		090C2D1A16830460008051F1 /* CoreDataTableViewController.m in Sources */ = {isa = PBXBuildFile; fileRef = 090C2D1916830460008051F1 /* CoreDataTableViewController.m */; };
		090F13F916807D220020EDC2 /* UIKit.framework in Frameworks */ = {isa = PBXBuildFile; fileRef = 090F13F816807D220020EDC2 /* UIKit.framework */; };
		090F13FB16807D220020EDC2 /* Foundation.framework in Frameworks */ = {isa = PBXBuildFile; fileRef = 090F13FA16807D220020EDC2 /* Foundation.framework */; };
		090F13FD16807D220020EDC2 /* CoreGraphics.framework in Frameworks */ = {isa = PBXBuildFile; fileRef = 090F13FC16807D220020EDC2 /* CoreGraphics.framework */; };
		090F140316807D220020EDC2 /* InfoPlist.strings in Resources */ = {isa = PBXBuildFile; fileRef = 090F140116807D220020EDC2 /* InfoPlist.strings */; };
		090F140516807D220020EDC2 /* main.m in Sources */ = {isa = PBXBuildFile; fileRef = 090F140416807D220020EDC2 /* main.m */; };
		090F140B16807D220020EDC2 /* Default.png in Resources */ = {isa = PBXBuildFile; fileRef = 090F140A16807D220020EDC2 /* Default.png */; };
		090F140D16807D220020EDC2 /* Default@2x.png in Resources */ = {isa = PBXBuildFile; fileRef = 090F140C16807D220020EDC2 /* Default@2x.png */; };
		090F140F16807D220020EDC2 /* Default-568h@2x.png in Resources */ = {isa = PBXBuildFile; fileRef = 090F140E16807D220020EDC2 /* Default-568h@2x.png */; };
		090F143016807E2A0020EDC2 /* AppDelegate.m in Sources */ = {isa = PBXBuildFile; fileRef = 090F142216807E2A0020EDC2 /* AppDelegate.m */; };
		090F143116807E2A0020EDC2 /* AnswersTableViewController.m in Sources */ = {isa = PBXBuildFile; fileRef = 090F142416807E2A0020EDC2 /* AnswersTableViewController.m */; };
		090F143216807E2A0020EDC2 /* QuestionCell.m in Sources */ = {isa = PBXBuildFile; fileRef = 090F142616807E2A0020EDC2 /* QuestionCell.m */; };
		090F143316807E2A0020EDC2 /* QuestionTableViewController.m in Sources */ = {isa = PBXBuildFile; fileRef = 090F142816807E2A0020EDC2 /* QuestionTableViewController.m */; };
		090F143416807E2A0020EDC2 /* FirstViewController.m in Sources */ = {isa = PBXBuildFile; fileRef = 090F142A16807E2A0020EDC2 /* FirstViewController.m */; };
		090F143516807E2A0020EDC2 /* SDSegmentedControl.m in Sources */ = {isa = PBXBuildFile; fileRef = 090F142D16807E2A0020EDC2 /* SDSegmentedControl.m */; };
		090F143616807E2A0020EDC2 /* TabBarViewController.m in Sources */ = {isa = PBXBuildFile; fileRef = 090F142F16807E2A0020EDC2 /* TabBarViewController.m */; };
		090F143E16807F260020EDC2 /* MainStoryboard.storyboard in Resources */ = {isa = PBXBuildFile; fileRef = 090F143D16807F260020EDC2 /* MainStoryboard.storyboard */; };
		090F144116807F7F0020EDC2 /* QuartzCore.framework in Frameworks */ = {isa = PBXBuildFile; fileRef = 090F144016807F7F0020EDC2 /* QuartzCore.framework */; };
		090F144316807FFE0020EDC2 /* clock.png in Resources */ = {isa = PBXBuildFile; fileRef = 090F144216807FFE0020EDC2 /* clock.png */; };
		090F149F1680AA7F0020EDC2 /* CoreData.framework in Frameworks */ = {isa = PBXBuildFile; fileRef = 090F149E1680AA7F0020EDC2 /* CoreData.framework */; };
		090F14A21680AAF20020EDC2 /* Q&ADataModel.xcdatamodeld in Sources */ = {isa = PBXBuildFile; fileRef = 090F14A01680AAF10020EDC2 /* Q&ADataModel.xcdatamodeld */; };
		090F14AE1680C0B20020EDC2 /* JSON.m in Sources */ = {isa = PBXBuildFile; fileRef = 090F14AD1680C0B20020EDC2 /* JSON.m */; };
		091DA6591685E55000BC4D11 /* SVStatusHUD.m in Sources */ = {isa = PBXBuildFile; fileRef = 091DA6551685E55000BC4D11 /* SVStatusHUD.m */; settings = {COMPILER_FLAGS = "-fno-objc-arc"; }; };
		091DA65A1685E55000BC4D11 /* wifi_@2x.png in Resources */ = {isa = PBXBuildFile; fileRef = 091DA6561685E55000BC4D11 /* wifi_@2x.png */; };
		091DA65B1685E55000BC4D11 /* wifi_break.png in Resources */ = {isa = PBXBuildFile; fileRef = 091DA6571685E55000BC4D11 /* wifi_break.png */; };
		091DA65C1685E55000BC4D11 /* wifi_break@2x.png in Resources */ = {isa = PBXBuildFile; fileRef = 091DA6581685E55000BC4D11 /* wifi_break@2x.png */; };
		091DA6691685F27100BC4D11 /* first.png in Resources */ = {isa = PBXBuildFile; fileRef = 091DA6631685F27100BC4D11 /* first.png */; };
		091DA66A1685F27100BC4D11 /* first@2x.png in Resources */ = {isa = PBXBuildFile; fileRef = 091DA6641685F27100BC4D11 /* first@2x.png */; };
		091DA66B1685F27100BC4D11 /* second2.png in Resources */ = {isa = PBXBuildFile; fileRef = 091DA6651685F27100BC4D11 /* second2.png */; };
		091DA66C1685F27100BC4D11 /* second2@2x.png in Resources */ = {isa = PBXBuildFile; fileRef = 091DA6661685F27100BC4D11 /* second2@2x.png */; };
		091DA66D1685F27100BC4D11 /* third.png in Resources */ = {isa = PBXBuildFile; fileRef = 091DA6671685F27100BC4D11 /* third.png */; };
		091DA66E1685F27100BC4D11 /* third@2x.png in Resources */ = {isa = PBXBuildFile; fileRef = 091DA6681685F27100BC4D11 /* third@2x.png */; };
		091DA68216873DD100BC4D11 /* NewQuestionViewController.m in Sources */ = {isa = PBXBuildFile; fileRef = 091DA68116873DD100BC4D11 /* NewQuestionViewController.m */; };
		091DA68C1687533400BC4D11 /* MediaPlayer.framework in Frameworks */ = {isa = PBXBuildFile; fileRef = 091DA68B1687533400BC4D11 /* MediaPlayer.framework */; };
		091DA68E1687533F00BC4D11 /* CoreMedia.framework in Frameworks */ = {isa = PBXBuildFile; fileRef = 091DA68D1687533E00BC4D11 /* CoreMedia.framework */; };
		091DA6901687534600BC4D11 /* CoreAudio.framework in Frameworks */ = {isa = PBXBuildFile; fileRef = 091DA68F1687534600BC4D11 /* CoreAudio.framework */; };
		091DA69216876B4E00BC4D11 /* MobileCoreServices.framework in Frameworks */ = {isa = PBXBuildFile; fileRef = 091DA69116876B4E00BC4D11 /* MobileCoreServices.framework */; };
		091DA69516876E9A00BC4D11 /* NewQuestionViewController+CameraDelegateMethods.m in Sources */ = {isa = PBXBuildFile; fileRef = 091DA69416876E9A00BC4D11 /* NewQuestionViewController+CameraDelegateMethods.m */; };
		091DA69B16877CE100BC4D11 /* NewQuestionViewController+KeyboardMethods.m in Sources */ = {isa = PBXBuildFile; fileRef = 091DA69A16877CE100BC4D11 /* NewQuestionViewController+KeyboardMethods.m */; };
		091FB2E0169823C000E9B997 /* Video.m in Sources */ = {isa = PBXBuildFile; fileRef = 091FB2DF169823C000E9B997 /* Video.m */; };
		091FB2E3169823C000E9B997 /* Answer.m in Sources */ = {isa = PBXBuildFile; fileRef = 091FB2E2169823C000E9B997 /* Answer.m */; };
		091FB2E6169823C100E9B997 /* Question.m in Sources */ = {isa = PBXBuildFile; fileRef = 091FB2E5169823C100E9B997 /* Question.m */; };
		091FB2E916989A8D00E9B997 /* Video+Insert.m in Sources */ = {isa = PBXBuildFile; fileRef = 091FB2E816989A8D00E9B997 /* Video+Insert.m */; };
		091FB2EC16989B3A00E9B997 /* Answer+Insert.m in Sources */ = {isa = PBXBuildFile; fileRef = 091FB2EB16989B3900E9B997 /* Answer+Insert.m */; };
		092385F416A69DA10066E8B3 /* LoginViewController.m in Sources */ = {isa = PBXBuildFile; fileRef = 092385F316A69DA10066E8B3 /* LoginViewController.m */; };
		094A825E16933C3800208A29 /* AFHTTPClient.m in Sources */ = {isa = PBXBuildFile; fileRef = 094A824C16933C3800208A29 /* AFHTTPClient.m */; };
		094A825F16933C3800208A29 /* AFHTTPRequestOperation.m in Sources */ = {isa = PBXBuildFile; fileRef = 094A824E16933C3800208A29 /* AFHTTPRequestOperation.m */; };
		094A826016933C3800208A29 /* AFImageRequestOperation.m in Sources */ = {isa = PBXBuildFile; fileRef = 094A825016933C3800208A29 /* AFImageRequestOperation.m */; };
		094A826116933C3800208A29 /* AFJSONRequestOperation.m in Sources */ = {isa = PBXBuildFile; fileRef = 094A825216933C3800208A29 /* AFJSONRequestOperation.m */; };
		094A826216933C3800208A29 /* AFNetworkActivityIndicatorManager.m in Sources */ = {isa = PBXBuildFile; fileRef = 094A825416933C3800208A29 /* AFNetworkActivityIndicatorManager.m */; };
		094A826316933C3800208A29 /* AFPropertyListRequestOperation.m in Sources */ = {isa = PBXBuildFile; fileRef = 094A825716933C3800208A29 /* AFPropertyListRequestOperation.m */; };
		094A826416933C3800208A29 /* AFURLConnectionOperation.m in Sources */ = {isa = PBXBuildFile; fileRef = 094A825916933C3800208A29 /* AFURLConnectionOperation.m */; };
		094A826516933C3800208A29 /* AFXMLRequestOperation.m in Sources */ = {isa = PBXBuildFile; fileRef = 094A825B16933C3800208A29 /* AFXMLRequestOperation.m */; };
		094A826616933C3800208A29 /* UIImageView+AFNetworking.m in Sources */ = {isa = PBXBuildFile; fileRef = 094A825D16933C3800208A29 /* UIImageView+AFNetworking.m */; };
		09A727F916995A6E00088017 /* AnswerCell.m in Sources */ = {isa = PBXBuildFile; fileRef = 09A727F816995A6E00088017 /* AnswerCell.m */; };
		09A727FD16995CF800088017 /* QuestionDetailCell.m in Sources */ = {isa = PBXBuildFile; fileRef = 09A727FC16995CF800088017 /* QuestionDetailCell.m */; };
		09C16C221696BF2F00647ED7 /* SystemConfiguration.framework in Frameworks */ = {isa = PBXBuildFile; fileRef = 09C16C211696BF2F00647ED7 /* SystemConfiguration.framework */; };
		09CEC91D1684DC6300CBC403 /* MagicalImportFunctions.m in Sources */ = {isa = PBXBuildFile; fileRef = 09CEC8E51684DC6300CBC403 /* MagicalImportFunctions.m */; };
		09CEC91E1684DC6300CBC403 /* NSAttributeDescription+MagicalDataImport.m in Sources */ = {isa = PBXBuildFile; fileRef = 09CEC8E71684DC6300CBC403 /* NSAttributeDescription+MagicalDataImport.m */; };
		09CEC91F1684DC6300CBC403 /* NSEntityDescription+MagicalDataImport.m in Sources */ = {isa = PBXBuildFile; fileRef = 09CEC8E91684DC6300CBC403 /* NSEntityDescription+MagicalDataImport.m */; };
		09CEC9201684DC6300CBC403 /* NSNumber+MagicalDataImport.m in Sources */ = {isa = PBXBuildFile; fileRef = 09CEC8EB1684DC6300CBC403 /* NSNumber+MagicalDataImport.m */; };
		09CEC9211684DC6300CBC403 /* NSObject+MagicalDataImport.m in Sources */ = {isa = PBXBuildFile; fileRef = 09CEC8ED1684DC6300CBC403 /* NSObject+MagicalDataImport.m */; };
		09CEC9221684DC6300CBC403 /* NSRelationshipDescription+MagicalDataImport.m in Sources */ = {isa = PBXBuildFile; fileRef = 09CEC8EF1684DC6300CBC403 /* NSRelationshipDescription+MagicalDataImport.m */; };
		09CEC9231684DC6300CBC403 /* NSString+MagicalDataImport.m in Sources */ = {isa = PBXBuildFile; fileRef = 09CEC8F11684DC6300CBC403 /* NSString+MagicalDataImport.m */; };
		09CEC9241684DC6300CBC403 /* NSManagedObject+MagicalAggregation.m in Sources */ = {isa = PBXBuildFile; fileRef = 09CEC8F41684DC6300CBC403 /* NSManagedObject+MagicalAggregation.m */; };
		09CEC9251684DC6300CBC403 /* NSManagedObject+MagicalDataImport.m in Sources */ = {isa = PBXBuildFile; fileRef = 09CEC8F61684DC6300CBC403 /* NSManagedObject+MagicalDataImport.m */; };
		09CEC9261684DC6300CBC403 /* NSManagedObject+MagicalFinders.m in Sources */ = {isa = PBXBuildFile; fileRef = 09CEC8F81684DC6300CBC403 /* NSManagedObject+MagicalFinders.m */; };
		09CEC9271684DC6300CBC403 /* NSManagedObject+MagicalRecord.m in Sources */ = {isa = PBXBuildFile; fileRef = 09CEC8FA1684DC6300CBC403 /* NSManagedObject+MagicalRecord.m */; };
		09CEC9281684DC6300CBC403 /* NSManagedObject+MagicalRequests.m in Sources */ = {isa = PBXBuildFile; fileRef = 09CEC8FC1684DC6300CBC403 /* NSManagedObject+MagicalRequests.m */; };
		09CEC9291684DC6300CBC403 /* NSManagedObjectContext+MagicalObserving.m in Sources */ = {isa = PBXBuildFile; fileRef = 09CEC8FF1684DC6300CBC403 /* NSManagedObjectContext+MagicalObserving.m */; };
		09CEC92A1684DC6300CBC403 /* NSManagedObjectContext+MagicalRecord.m in Sources */ = {isa = PBXBuildFile; fileRef = 09CEC9011684DC6300CBC403 /* NSManagedObjectContext+MagicalRecord.m */; };
		09CEC92B1684DC6300CBC403 /* NSManagedObjectContext+MagicalSaves.m in Sources */ = {isa = PBXBuildFile; fileRef = 09CEC9031684DC6300CBC403 /* NSManagedObjectContext+MagicalSaves.m */; };
		09CEC92C1684DC6300CBC403 /* NSManagedObjectContext+MagicalThreading.m in Sources */ = {isa = PBXBuildFile; fileRef = 09CEC9051684DC6300CBC403 /* NSManagedObjectContext+MagicalThreading.m */; };
		09CEC92D1684DC6300CBC403 /* NSManagedObjectModel+MagicalRecord.m in Sources */ = {isa = PBXBuildFile; fileRef = 09CEC9071684DC6300CBC403 /* NSManagedObjectModel+MagicalRecord.m */; };
		09CEC92E1684DC6300CBC403 /* NSPersistentStore+MagicalRecord.m in Sources */ = {isa = PBXBuildFile; fileRef = 09CEC9091684DC6300CBC403 /* NSPersistentStore+MagicalRecord.m */; };
		09CEC92F1684DC6300CBC403 /* NSPersistentStoreCoordinator+MagicalRecord.m in Sources */ = {isa = PBXBuildFile; fileRef = 09CEC90B1684DC6300CBC403 /* NSPersistentStoreCoordinator+MagicalRecord.m */; };
		09CEC9301684DC6300CBC403 /* MagicalRecord+Actions.m in Sources */ = {isa = PBXBuildFile; fileRef = 09CEC90E1684DC6300CBC403 /* MagicalRecord+Actions.m */; };
		09CEC9311684DC6300CBC403 /* MagicalRecord+ErrorHandling.m in Sources */ = {isa = PBXBuildFile; fileRef = 09CEC9101684DC6300CBC403 /* MagicalRecord+ErrorHandling.m */; };
		09CEC9321684DC6300CBC403 /* MagicalRecord+iCloud.m in Sources */ = {isa = PBXBuildFile; fileRef = 09CEC9121684DC6300CBC403 /* MagicalRecord+iCloud.m */; };
		09CEC9331684DC6300CBC403 /* MagicalRecord+Options.m in Sources */ = {isa = PBXBuildFile; fileRef = 09CEC9141684DC6300CBC403 /* MagicalRecord+Options.m */; };
		09CEC9341684DC6300CBC403 /* MagicalRecord+Setup.m in Sources */ = {isa = PBXBuildFile; fileRef = 09CEC9161684DC6300CBC403 /* MagicalRecord+Setup.m */; };
		09CEC9351684DC6300CBC403 /* MagicalRecord+ShorthandSupport.m in Sources */ = {isa = PBXBuildFile; fileRef = 09CEC9181684DC6300CBC403 /* MagicalRecord+ShorthandSupport.m */; };
		09CEC9361684DC6300CBC403 /* MagicalRecord.m in Sources */ = {isa = PBXBuildFile; fileRef = 09CEC91A1684DC6300CBC403 /* MagicalRecord.m */; };
		09E189DF168945E000E262CD /* icon.png in Resources */ = {isa = PBXBuildFile; fileRef = 09E189DE168945E000E262CD /* icon.png */; };
		09E189F3168B45B700E262CD /* GCPlaceholderTextView.m in Sources */ = {isa = PBXBuildFile; fileRef = 09E189F2168B45B700E262CD /* GCPlaceholderTextView.m */; };
/* End PBXBuildFile section */

/* Begin PBXFileReference section */
		09065BB416A1B17D0000B256 /* 头像.png */ = {isa = PBXFileReference; lastKnownFileType = image.png; path = "头像.png"; sourceTree = "<group>"; };
		09065BB816A1B3960000B256 /* ThirdTableViewController.h */ = {isa = PBXFileReference; fileEncoding = 4; lastKnownFileType = sourcecode.c.h; path = ThirdTableViewController.h; sourceTree = "<group>"; };
		09065BB916A1B3960000B256 /* ThirdTableViewController.m */ = {isa = PBXFileReference; fileEncoding = 4; lastKnownFileType = sourcecode.c.objc; path = ThirdTableViewController.m; sourceTree = "<group>"; };
		09065BC916A1CC370000B256 /* SettingsTableViewController.h */ = {isa = PBXFileReference; fileEncoding = 4; lastKnownFileType = sourcecode.c.h; path = SettingsTableViewController.h; sourceTree = "<group>"; };
		09065BCA16A1CC370000B256 /* SettingsTableViewController.m */ = {isa = PBXFileReference; fileEncoding = 4; lastKnownFileType = sourcecode.c.objc; path = SettingsTableViewController.m; sourceTree = "<group>"; };
		090C2D0F1682EFC5008051F1 /* Question+Insert.h */ = {isa = PBXFileReference; fileEncoding = 4; lastKnownFileType = sourcecode.c.h; path = "Question+Insert.h"; sourceTree = "<group>"; };
		090C2D101682EFC5008051F1 /* Question+Insert.m */ = {isa = PBXFileReference; fileEncoding = 4; lastKnownFileType = sourcecode.c.objc; path = "Question+Insert.m"; sourceTree = "<group>"; };
		090C2D1816830460008051F1 /* CoreDataTableViewController.h */ = {isa = PBXFileReference; fileEncoding = 4; lastKnownFileType = sourcecode.c.h; path = CoreDataTableViewController.h; sourceTree = "<group>"; };
		090C2D1916830460008051F1 /* CoreDataTableViewController.m */ = {isa = PBXFileReference; fileEncoding = 4; lastKnownFileType = sourcecode.c.objc; path = CoreDataTableViewController.m; sourceTree = "<group>"; };
		090F13F416807D220020EDC2 /* Q&A.app */ = {isa = PBXFileReference; explicitFileType = wrapper.application; includeInIndex = 0; path = "Q&A.app"; sourceTree = BUILT_PRODUCTS_DIR; };
		090F13F816807D220020EDC2 /* UIKit.framework */ = {isa = PBXFileReference; lastKnownFileType = wrapper.framework; name = UIKit.framework; path = System/Library/Frameworks/UIKit.framework; sourceTree = SDKROOT; };
		090F13FA16807D220020EDC2 /* Foundation.framework */ = {isa = PBXFileReference; lastKnownFileType = wrapper.framework; name = Foundation.framework; path = System/Library/Frameworks/Foundation.framework; sourceTree = SDKROOT; };
		090F13FC16807D220020EDC2 /* CoreGraphics.framework */ = {isa = PBXFileReference; lastKnownFileType = wrapper.framework; name = CoreGraphics.framework; path = System/Library/Frameworks/CoreGraphics.framework; sourceTree = SDKROOT; };
		090F140016807D220020EDC2 /* Q&A-Info.plist */ = {isa = PBXFileReference; lastKnownFileType = text.plist.xml; path = "Q&A-Info.plist"; sourceTree = "<group>"; };
		090F140416807D220020EDC2 /* main.m */ = {isa = PBXFileReference; lastKnownFileType = sourcecode.c.objc; path = main.m; sourceTree = "<group>"; };
		090F140616807D220020EDC2 /* Q&A-Prefix.pch */ = {isa = PBXFileReference; lastKnownFileType = sourcecode.c.h; path = "Q&A-Prefix.pch"; sourceTree = "<group>"; };
		090F140A16807D220020EDC2 /* Default.png */ = {isa = PBXFileReference; lastKnownFileType = image.png; path = Default.png; sourceTree = "<group>"; };
		090F140C16807D220020EDC2 /* Default@2x.png */ = {isa = PBXFileReference; lastKnownFileType = image.png; path = "Default@2x.png"; sourceTree = "<group>"; };
		090F140E16807D220020EDC2 /* Default-568h@2x.png */ = {isa = PBXFileReference; lastKnownFileType = image.png; path = "Default-568h@2x.png"; sourceTree = "<group>"; };
		090F142116807E2A0020EDC2 /* AppDelegate.h */ = {isa = PBXFileReference; fileEncoding = 4; lastKnownFileType = sourcecode.c.h; path = AppDelegate.h; sourceTree = "<group>"; };
		090F142216807E2A0020EDC2 /* AppDelegate.m */ = {isa = PBXFileReference; fileEncoding = 4; lastKnownFileType = sourcecode.c.objc; path = AppDelegate.m; sourceTree = "<group>"; };
		090F142316807E2A0020EDC2 /* AnswersTableViewController.h */ = {isa = PBXFileReference; fileEncoding = 4; lastKnownFileType = sourcecode.c.h; path = AnswersTableViewController.h; sourceTree = "<group>"; };
		090F142416807E2A0020EDC2 /* AnswersTableViewController.m */ = {isa = PBXFileReference; fileEncoding = 4; lastKnownFileType = sourcecode.c.objc; path = AnswersTableViewController.m; sourceTree = "<group>"; };
		090F142516807E2A0020EDC2 /* QuestionCell.h */ = {isa = PBXFileReference; fileEncoding = 4; lastKnownFileType = sourcecode.c.h; path = QuestionCell.h; sourceTree = "<group>"; };
		090F142616807E2A0020EDC2 /* QuestionCell.m */ = {isa = PBXFileReference; fileEncoding = 4; lastKnownFileType = sourcecode.c.objc; path = QuestionCell.m; sourceTree = "<group>"; };
		090F142716807E2A0020EDC2 /* QuestionTableViewController.h */ = {isa = PBXFileReference; fileEncoding = 4; lastKnownFileType = sourcecode.c.h; path = QuestionTableViewController.h; sourceTree = "<group>"; };
		090F142816807E2A0020EDC2 /* QuestionTableViewController.m */ = {isa = PBXFileReference; fileEncoding = 4; lastKnownFileType = sourcecode.c.objc; path = QuestionTableViewController.m; sourceTree = "<group>"; };
		090F142916807E2A0020EDC2 /* FirstViewController.h */ = {isa = PBXFileReference; fileEncoding = 4; lastKnownFileType = sourcecode.c.h; path = FirstViewController.h; sourceTree = "<group>"; };
		090F142A16807E2A0020EDC2 /* FirstViewController.m */ = {isa = PBXFileReference; fileEncoding = 4; lastKnownFileType = sourcecode.c.objc; path = FirstViewController.m; sourceTree = "<group>"; };
		090F142C16807E2A0020EDC2 /* SDSegmentedControl.h */ = {isa = PBXFileReference; fileEncoding = 4; lastKnownFileType = sourcecode.c.h; path = SDSegmentedControl.h; sourceTree = "<group>"; };
		090F142D16807E2A0020EDC2 /* SDSegmentedControl.m */ = {isa = PBXFileReference; fileEncoding = 4; lastKnownFileType = sourcecode.c.objc; path = SDSegmentedControl.m; sourceTree = "<group>"; };
		090F142E16807E2A0020EDC2 /* TabBarViewController.h */ = {isa = PBXFileReference; fileEncoding = 4; lastKnownFileType = sourcecode.c.h; path = TabBarViewController.h; sourceTree = "<group>"; };
		090F142F16807E2A0020EDC2 /* TabBarViewController.m */ = {isa = PBXFileReference; fileEncoding = 4; lastKnownFileType = sourcecode.c.objc; path = TabBarViewController.m; sourceTree = "<group>"; };
		090F143D16807F260020EDC2 /* MainStoryboard.storyboard */ = {isa = PBXFileReference; fileEncoding = 4; lastKnownFileType = file.storyboard; path = MainStoryboard.storyboard; sourceTree = "<group>"; };
		090F144016807F7F0020EDC2 /* QuartzCore.framework */ = {isa = PBXFileReference; lastKnownFileType = wrapper.framework; name = QuartzCore.framework; path = System/Library/Frameworks/QuartzCore.framework; sourceTree = SDKROOT; };
		090F144216807FFE0020EDC2 /* clock.png */ = {isa = PBXFileReference; lastKnownFileType = image.png; name = clock.png; path = "../../../../例程/动态SegmentedControl/Example/Example/clock.png"; sourceTree = "<group>"; };
		090F149E1680AA7F0020EDC2 /* CoreData.framework */ = {isa = PBXFileReference; lastKnownFileType = wrapper.framework; name = CoreData.framework; path = System/Library/Frameworks/CoreData.framework; sourceTree = SDKROOT; };
		090F14A11680AAF20020EDC2 /* Q&ADataModel.xcdatamodel */ = {isa = PBXFileReference; lastKnownFileType = wrapper.xcdatamodel; path = "Q&ADataModel.xcdatamodel"; sourceTree = "<group>"; };
		090F14AC1680C0B20020EDC2 /* JSON.h */ = {isa = PBXFileReference; fileEncoding = 4; lastKnownFileType = sourcecode.c.h; path = JSON.h; sourceTree = "<group>"; };
		090F14AD1680C0B20020EDC2 /* JSON.m */ = {isa = PBXFileReference; fileEncoding = 4; lastKnownFileType = sourcecode.c.objc; path = JSON.m; sourceTree = "<group>"; };
		091DA6541685E55000BC4D11 /* SVStatusHUD.h */ = {isa = PBXFileReference; fileEncoding = 4; lastKnownFileType = sourcecode.c.h; path = SVStatusHUD.h; sourceTree = "<group>"; };
		091DA6551685E55000BC4D11 /* SVStatusHUD.m */ = {isa = PBXFileReference; fileEncoding = 4; lastKnownFileType = sourcecode.c.objc; path = SVStatusHUD.m; sourceTree = "<group>"; };
		091DA6561685E55000BC4D11 /* wifi_@2x.png */ = {isa = PBXFileReference; lastKnownFileType = image.png; path = "wifi_@2x.png"; sourceTree = "<group>"; };
		091DA6571685E55000BC4D11 /* wifi_break.png */ = {isa = PBXFileReference; lastKnownFileType = image.png; path = wifi_break.png; sourceTree = "<group>"; };
		091DA6581685E55000BC4D11 /* wifi_break@2x.png */ = {isa = PBXFileReference; lastKnownFileType = image.png; path = "wifi_break@2x.png"; sourceTree = "<group>"; };
		091DA6631685F27100BC4D11 /* first.png */ = {isa = PBXFileReference; lastKnownFileType = image.png; path = first.png; sourceTree = "<group>"; };
		091DA6641685F27100BC4D11 /* first@2x.png */ = {isa = PBXFileReference; lastKnownFileType = image.png; path = "first@2x.png"; sourceTree = "<group>"; };
		091DA6651685F27100BC4D11 /* second2.png */ = {isa = PBXFileReference; lastKnownFileType = image.png; path = second2.png; sourceTree = "<group>"; };
		091DA6661685F27100BC4D11 /* second2@2x.png */ = {isa = PBXFileReference; lastKnownFileType = image.png; path = "second2@2x.png"; sourceTree = "<group>"; };
		091DA6671685F27100BC4D11 /* third.png */ = {isa = PBXFileReference; lastKnownFileType = image.png; path = third.png; sourceTree = "<group>"; };
		091DA6681685F27100BC4D11 /* third@2x.png */ = {isa = PBXFileReference; lastKnownFileType = image.png; path = "third@2x.png"; sourceTree = "<group>"; };
		091DA68016873DD100BC4D11 /* NewQuestionViewController.h */ = {isa = PBXFileReference; fileEncoding = 4; lastKnownFileType = sourcecode.c.h; path = NewQuestionViewController.h; sourceTree = "<group>"; };
		091DA68116873DD100BC4D11 /* NewQuestionViewController.m */ = {isa = PBXFileReference; fileEncoding = 4; lastKnownFileType = sourcecode.c.objc; path = NewQuestionViewController.m; sourceTree = "<group>"; };
		091DA68B1687533400BC4D11 /* MediaPlayer.framework */ = {isa = PBXFileReference; lastKnownFileType = wrapper.framework; name = MediaPlayer.framework; path = System/Library/Frameworks/MediaPlayer.framework; sourceTree = SDKROOT; };
		091DA68D1687533E00BC4D11 /* CoreMedia.framework */ = {isa = PBXFileReference; lastKnownFileType = wrapper.framework; name = CoreMedia.framework; path = System/Library/Frameworks/CoreMedia.framework; sourceTree = SDKROOT; };
		091DA68F1687534600BC4D11 /* CoreAudio.framework */ = {isa = PBXFileReference; lastKnownFileType = wrapper.framework; name = CoreAudio.framework; path = System/Library/Frameworks/CoreAudio.framework; sourceTree = SDKROOT; };
		091DA69116876B4E00BC4D11 /* MobileCoreServices.framework */ = {isa = PBXFileReference; lastKnownFileType = wrapper.framework; name = MobileCoreServices.framework; path = System/Library/Frameworks/MobileCoreServices.framework; sourceTree = SDKROOT; };
		091DA69316876E9A00BC4D11 /* NewQuestionViewController+CameraDelegateMethods.h */ = {isa = PBXFileReference; fileEncoding = 4; lastKnownFileType = sourcecode.c.h; path = "NewQuestionViewController+CameraDelegateMethods.h"; sourceTree = "<group>"; };
		091DA69416876E9A00BC4D11 /* NewQuestionViewController+CameraDelegateMethods.m */ = {isa = PBXFileReference; fileEncoding = 4; lastKnownFileType = sourcecode.c.objc; path = "NewQuestionViewController+CameraDelegateMethods.m"; sourceTree = "<group>"; };
		091DA69916877CE100BC4D11 /* NewQuestionViewController+KeyboardMethods.h */ = {isa = PBXFileReference; fileEncoding = 4; lastKnownFileType = sourcecode.c.h; path = "NewQuestionViewController+KeyboardMethods.h"; sourceTree = "<group>"; };
		091DA69A16877CE100BC4D11 /* NewQuestionViewController+KeyboardMethods.m */ = {isa = PBXFileReference; fileEncoding = 4; lastKnownFileType = sourcecode.c.objc; path = "NewQuestionViewController+KeyboardMethods.m"; sourceTree = "<group>"; };
		091FB2DE169823C000E9B997 /* Video.h */ = {isa = PBXFileReference; fileEncoding = 4; lastKnownFileType = sourcecode.c.h; path = Video.h; sourceTree = "<group>"; };
		091FB2DF169823C000E9B997 /* Video.m */ = {isa = PBXFileReference; fileEncoding = 4; lastKnownFileType = sourcecode.c.objc; path = Video.m; sourceTree = "<group>"; };
		091FB2E1169823C000E9B997 /* Answer.h */ = {isa = PBXFileReference; fileEncoding = 4; lastKnownFileType = sourcecode.c.h; path = Answer.h; sourceTree = "<group>"; };
		091FB2E2169823C000E9B997 /* Answer.m */ = {isa = PBXFileReference; fileEncoding = 4; lastKnownFileType = sourcecode.c.objc; path = Answer.m; sourceTree = "<group>"; };
		091FB2E4169823C100E9B997 /* Question.h */ = {isa = PBXFileReference; fileEncoding = 4; lastKnownFileType = sourcecode.c.h; path = Question.h; sourceTree = "<group>"; };
		091FB2E5169823C100E9B997 /* Question.m */ = {isa = PBXFileReference; fileEncoding = 4; lastKnownFileType = sourcecode.c.objc; path = Question.m; sourceTree = "<group>"; };
		091FB2E716989A8C00E9B997 /* Video+Insert.h */ = {isa = PBXFileReference; fileEncoding = 4; lastKnownFileType = sourcecode.c.h; path = "Video+Insert.h"; sourceTree = "<group>"; };
		091FB2E816989A8D00E9B997 /* Video+Insert.m */ = {isa = PBXFileReference; fileEncoding = 4; lastKnownFileType = sourcecode.c.objc; path = "Video+Insert.m"; sourceTree = "<group>"; };
		091FB2EA16989B3900E9B997 /* Answer+Insert.h */ = {isa = PBXFileReference; fileEncoding = 4; lastKnownFileType = sourcecode.c.h; path = "Answer+Insert.h"; sourceTree = "<group>"; };
		091FB2EB16989B3900E9B997 /* Answer+Insert.m */ = {isa = PBXFileReference; fileEncoding = 4; lastKnownFileType = sourcecode.c.objc; path = "Answer+Insert.m"; sourceTree = "<group>"; };
		092385F216A69DA10066E8B3 /* LoginViewController.h */ = {isa = PBXFileReference; fileEncoding = 4; lastKnownFileType = sourcecode.c.h; path = LoginViewController.h; sourceTree = "<group>"; };
		092385F316A69DA10066E8B3 /* LoginViewController.m */ = {isa = PBXFileReference; fileEncoding = 4; lastKnownFileType = sourcecode.c.objc; path = LoginViewController.m; sourceTree = "<group>"; };
		094A824B16933C3800208A29 /* AFHTTPClient.h */ = {isa = PBXFileReference; fileEncoding = 4; lastKnownFileType = sourcecode.c.h; path = AFHTTPClient.h; sourceTree = "<group>"; };
		094A824C16933C3800208A29 /* AFHTTPClient.m */ = {isa = PBXFileReference; fileEncoding = 4; lastKnownFileType = sourcecode.c.objc; path = AFHTTPClient.m; sourceTree = "<group>"; };
		094A824D16933C3800208A29 /* AFHTTPRequestOperation.h */ = {isa = PBXFileReference; fileEncoding = 4; lastKnownFileType = sourcecode.c.h; path = AFHTTPRequestOperation.h; sourceTree = "<group>"; };
		094A824E16933C3800208A29 /* AFHTTPRequestOperation.m */ = {isa = PBXFileReference; fileEncoding = 4; lastKnownFileType = sourcecode.c.objc; path = AFHTTPRequestOperation.m; sourceTree = "<group>"; };
		094A824F16933C3800208A29 /* AFImageRequestOperation.h */ = {isa = PBXFileReference; fileEncoding = 4; lastKnownFileType = sourcecode.c.h; path = AFImageRequestOperation.h; sourceTree = "<group>"; };
		094A825016933C3800208A29 /* AFImageRequestOperation.m */ = {isa = PBXFileReference; fileEncoding = 4; lastKnownFileType = sourcecode.c.objc; path = AFImageRequestOperation.m; sourceTree = "<group>"; };
		094A825116933C3800208A29 /* AFJSONRequestOperation.h */ = {isa = PBXFileReference; fileEncoding = 4; lastKnownFileType = sourcecode.c.h; path = AFJSONRequestOperation.h; sourceTree = "<group>"; };
		094A825216933C3800208A29 /* AFJSONRequestOperation.m */ = {isa = PBXFileReference; fileEncoding = 4; lastKnownFileType = sourcecode.c.objc; path = AFJSONRequestOperation.m; sourceTree = "<group>"; };
		094A825316933C3800208A29 /* AFNetworkActivityIndicatorManager.h */ = {isa = PBXFileReference; fileEncoding = 4; lastKnownFileType = sourcecode.c.h; path = AFNetworkActivityIndicatorManager.h; sourceTree = "<group>"; };
		094A825416933C3800208A29 /* AFNetworkActivityIndicatorManager.m */ = {isa = PBXFileReference; fileEncoding = 4; lastKnownFileType = sourcecode.c.objc; path = AFNetworkActivityIndicatorManager.m; sourceTree = "<group>"; };
		094A825516933C3800208A29 /* AFNetworking.h */ = {isa = PBXFileReference; fileEncoding = 4; lastKnownFileType = sourcecode.c.h; path = AFNetworking.h; sourceTree = "<group>"; };
		094A825616933C3800208A29 /* AFPropertyListRequestOperation.h */ = {isa = PBXFileReference; fileEncoding = 4; lastKnownFileType = sourcecode.c.h; path = AFPropertyListRequestOperation.h; sourceTree = "<group>"; };
		094A825716933C3800208A29 /* AFPropertyListRequestOperation.m */ = {isa = PBXFileReference; fileEncoding = 4; lastKnownFileType = sourcecode.c.objc; path = AFPropertyListRequestOperation.m; sourceTree = "<group>"; };
		094A825816933C3800208A29 /* AFURLConnectionOperation.h */ = {isa = PBXFileReference; fileEncoding = 4; lastKnownFileType = sourcecode.c.h; path = AFURLConnectionOperation.h; sourceTree = "<group>"; };
		094A825916933C3800208A29 /* AFURLConnectionOperation.m */ = {isa = PBXFileReference; fileEncoding = 4; lastKnownFileType = sourcecode.c.objc; path = AFURLConnectionOperation.m; sourceTree = "<group>"; };
		094A825A16933C3800208A29 /* AFXMLRequestOperation.h */ = {isa = PBXFileReference; fileEncoding = 4; lastKnownFileType = sourcecode.c.h; path = AFXMLRequestOperation.h; sourceTree = "<group>"; };
		094A825B16933C3800208A29 /* AFXMLRequestOperation.m */ = {isa = PBXFileReference; fileEncoding = 4; lastKnownFileType = sourcecode.c.objc; path = AFXMLRequestOperation.m; sourceTree = "<group>"; };
		094A825C16933C3800208A29 /* UIImageView+AFNetworking.h */ = {isa = PBXFileReference; fileEncoding = 4; lastKnownFileType = sourcecode.c.h; path = "UIImageView+AFNetworking.h"; sourceTree = "<group>"; };
		094A825D16933C3800208A29 /* UIImageView+AFNetworking.m */ = {isa = PBXFileReference; fileEncoding = 4; lastKnownFileType = sourcecode.c.objc; path = "UIImageView+AFNetworking.m"; sourceTree = "<group>"; };
		09A727F716995A6E00088017 /* AnswerCell.h */ = {isa = PBXFileReference; fileEncoding = 4; lastKnownFileType = sourcecode.c.h; path = AnswerCell.h; sourceTree = "<group>"; };
		09A727F816995A6E00088017 /* AnswerCell.m */ = {isa = PBXFileReference; fileEncoding = 4; lastKnownFileType = sourcecode.c.objc; path = AnswerCell.m; sourceTree = "<group>"; };
		09A727FB16995CF800088017 /* QuestionDetailCell.h */ = {isa = PBXFileReference; fileEncoding = 4; lastKnownFileType = sourcecode.c.h; path = QuestionDetailCell.h; sourceTree = "<group>"; };
		09A727FC16995CF800088017 /* QuestionDetailCell.m */ = {isa = PBXFileReference; fileEncoding = 4; lastKnownFileType = sourcecode.c.objc; path = QuestionDetailCell.m; sourceTree = "<group>"; };
		09A7280D1699BB5300088017 /* Defines.h */ = {isa = PBXFileReference; lastKnownFileType = sourcecode.c.h; path = Defines.h; sourceTree = "<group>"; };
		09C16C211696BF2F00647ED7 /* SystemConfiguration.framework */ = {isa = PBXFileReference; lastKnownFileType = wrapper.framework; name = SystemConfiguration.framework; path = System/Library/Frameworks/SystemConfiguration.framework; sourceTree = SDKROOT; };
		09CEC8E41684DC6300CBC403 /* MagicalImportFunctions.h */ = {isa = PBXFileReference; fileEncoding = 4; lastKnownFileType = sourcecode.c.h; path = MagicalImportFunctions.h; sourceTree = "<group>"; };
		09CEC8E51684DC6300CBC403 /* MagicalImportFunctions.m */ = {isa = PBXFileReference; fileEncoding = 4; lastKnownFileType = sourcecode.c.objc; path = MagicalImportFunctions.m; sourceTree = "<group>"; };
		09CEC8E61684DC6300CBC403 /* NSAttributeDescription+MagicalDataImport.h */ = {isa = PBXFileReference; fileEncoding = 4; lastKnownFileType = sourcecode.c.h; path = "NSAttributeDescription+MagicalDataImport.h"; sourceTree = "<group>"; };
		09CEC8E71684DC6300CBC403 /* NSAttributeDescription+MagicalDataImport.m */ = {isa = PBXFileReference; fileEncoding = 4; lastKnownFileType = sourcecode.c.objc; path = "NSAttributeDescription+MagicalDataImport.m"; sourceTree = "<group>"; };
		09CEC8E81684DC6300CBC403 /* NSEntityDescription+MagicalDataImport.h */ = {isa = PBXFileReference; fileEncoding = 4; lastKnownFileType = sourcecode.c.h; path = "NSEntityDescription+MagicalDataImport.h"; sourceTree = "<group>"; };
		09CEC8E91684DC6300CBC403 /* NSEntityDescription+MagicalDataImport.m */ = {isa = PBXFileReference; fileEncoding = 4; lastKnownFileType = sourcecode.c.objc; path = "NSEntityDescription+MagicalDataImport.m"; sourceTree = "<group>"; };
		09CEC8EA1684DC6300CBC403 /* NSNumber+MagicalDataImport.h */ = {isa = PBXFileReference; fileEncoding = 4; lastKnownFileType = sourcecode.c.h; path = "NSNumber+MagicalDataImport.h"; sourceTree = "<group>"; };
		09CEC8EB1684DC6300CBC403 /* NSNumber+MagicalDataImport.m */ = {isa = PBXFileReference; fileEncoding = 4; lastKnownFileType = sourcecode.c.objc; path = "NSNumber+MagicalDataImport.m"; sourceTree = "<group>"; };
		09CEC8EC1684DC6300CBC403 /* NSObject+MagicalDataImport.h */ = {isa = PBXFileReference; fileEncoding = 4; lastKnownFileType = sourcecode.c.h; path = "NSObject+MagicalDataImport.h"; sourceTree = "<group>"; };
		09CEC8ED1684DC6300CBC403 /* NSObject+MagicalDataImport.m */ = {isa = PBXFileReference; fileEncoding = 4; lastKnownFileType = sourcecode.c.objc; path = "NSObject+MagicalDataImport.m"; sourceTree = "<group>"; };
		09CEC8EE1684DC6300CBC403 /* NSRelationshipDescription+MagicalDataImport.h */ = {isa = PBXFileReference; fileEncoding = 4; lastKnownFileType = sourcecode.c.h; path = "NSRelationshipDescription+MagicalDataImport.h"; sourceTree = "<group>"; };
		09CEC8EF1684DC6300CBC403 /* NSRelationshipDescription+MagicalDataImport.m */ = {isa = PBXFileReference; fileEncoding = 4; lastKnownFileType = sourcecode.c.objc; path = "NSRelationshipDescription+MagicalDataImport.m"; sourceTree = "<group>"; };
		09CEC8F01684DC6300CBC403 /* NSString+MagicalDataImport.h */ = {isa = PBXFileReference; fileEncoding = 4; lastKnownFileType = sourcecode.c.h; path = "NSString+MagicalDataImport.h"; sourceTree = "<group>"; };
		09CEC8F11684DC6300CBC403 /* NSString+MagicalDataImport.m */ = {isa = PBXFileReference; fileEncoding = 4; lastKnownFileType = sourcecode.c.objc; path = "NSString+MagicalDataImport.m"; sourceTree = "<group>"; };
		09CEC8F31684DC6300CBC403 /* NSManagedObject+MagicalAggregation.h */ = {isa = PBXFileReference; fileEncoding = 4; lastKnownFileType = sourcecode.c.h; path = "NSManagedObject+MagicalAggregation.h"; sourceTree = "<group>"; };
		09CEC8F41684DC6300CBC403 /* NSManagedObject+MagicalAggregation.m */ = {isa = PBXFileReference; fileEncoding = 4; lastKnownFileType = sourcecode.c.objc; path = "NSManagedObject+MagicalAggregation.m"; sourceTree = "<group>"; };
		09CEC8F51684DC6300CBC403 /* NSManagedObject+MagicalDataImport.h */ = {isa = PBXFileReference; fileEncoding = 4; lastKnownFileType = sourcecode.c.h; path = "NSManagedObject+MagicalDataImport.h"; sourceTree = "<group>"; };
		09CEC8F61684DC6300CBC403 /* NSManagedObject+MagicalDataImport.m */ = {isa = PBXFileReference; fileEncoding = 4; lastKnownFileType = sourcecode.c.objc; path = "NSManagedObject+MagicalDataImport.m"; sourceTree = "<group>"; };
		09CEC8F71684DC6300CBC403 /* NSManagedObject+MagicalFinders.h */ = {isa = PBXFileReference; fileEncoding = 4; lastKnownFileType = sourcecode.c.h; path = "NSManagedObject+MagicalFinders.h"; sourceTree = "<group>"; };
		09CEC8F81684DC6300CBC403 /* NSManagedObject+MagicalFinders.m */ = {isa = PBXFileReference; fileEncoding = 4; lastKnownFileType = sourcecode.c.objc; path = "NSManagedObject+MagicalFinders.m"; sourceTree = "<group>"; };
		09CEC8F91684DC6300CBC403 /* NSManagedObject+MagicalRecord.h */ = {isa = PBXFileReference; fileEncoding = 4; lastKnownFileType = sourcecode.c.h; path = "NSManagedObject+MagicalRecord.h"; sourceTree = "<group>"; };
		09CEC8FA1684DC6300CBC403 /* NSManagedObject+MagicalRecord.m */ = {isa = PBXFileReference; fileEncoding = 4; lastKnownFileType = sourcecode.c.objc; path = "NSManagedObject+MagicalRecord.m"; sourceTree = "<group>"; };
		09CEC8FB1684DC6300CBC403 /* NSManagedObject+MagicalRequests.h */ = {isa = PBXFileReference; fileEncoding = 4; lastKnownFileType = sourcecode.c.h; path = "NSManagedObject+MagicalRequests.h"; sourceTree = "<group>"; };
		09CEC8FC1684DC6300CBC403 /* NSManagedObject+MagicalRequests.m */ = {isa = PBXFileReference; fileEncoding = 4; lastKnownFileType = sourcecode.c.objc; path = "NSManagedObject+MagicalRequests.m"; sourceTree = "<group>"; };
		09CEC8FE1684DC6300CBC403 /* NSManagedObjectContext+MagicalObserving.h */ = {isa = PBXFileReference; fileEncoding = 4; lastKnownFileType = sourcecode.c.h; path = "NSManagedObjectContext+MagicalObserving.h"; sourceTree = "<group>"; };
		09CEC8FF1684DC6300CBC403 /* NSManagedObjectContext+MagicalObserving.m */ = {isa = PBXFileReference; fileEncoding = 4; lastKnownFileType = sourcecode.c.objc; path = "NSManagedObjectContext+MagicalObserving.m"; sourceTree = "<group>"; };
		09CEC9001684DC6300CBC403 /* NSManagedObjectContext+MagicalRecord.h */ = {isa = PBXFileReference; fileEncoding = 4; lastKnownFileType = sourcecode.c.h; path = "NSManagedObjectContext+MagicalRecord.h"; sourceTree = "<group>"; };
		09CEC9011684DC6300CBC403 /* NSManagedObjectContext+MagicalRecord.m */ = {isa = PBXFileReference; fileEncoding = 4; lastKnownFileType = sourcecode.c.objc; path = "NSManagedObjectContext+MagicalRecord.m"; sourceTree = "<group>"; };
		09CEC9021684DC6300CBC403 /* NSManagedObjectContext+MagicalSaves.h */ = {isa = PBXFileReference; fileEncoding = 4; lastKnownFileType = sourcecode.c.h; path = "NSManagedObjectContext+MagicalSaves.h"; sourceTree = "<group>"; };
		09CEC9031684DC6300CBC403 /* NSManagedObjectContext+MagicalSaves.m */ = {isa = PBXFileReference; fileEncoding = 4; lastKnownFileType = sourcecode.c.objc; path = "NSManagedObjectContext+MagicalSaves.m"; sourceTree = "<group>"; };
		09CEC9041684DC6300CBC403 /* NSManagedObjectContext+MagicalThreading.h */ = {isa = PBXFileReference; fileEncoding = 4; lastKnownFileType = sourcecode.c.h; path = "NSManagedObjectContext+MagicalThreading.h"; sourceTree = "<group>"; };
		09CEC9051684DC6300CBC403 /* NSManagedObjectContext+MagicalThreading.m */ = {isa = PBXFileReference; fileEncoding = 4; lastKnownFileType = sourcecode.c.objc; path = "NSManagedObjectContext+MagicalThreading.m"; sourceTree = "<group>"; };
		09CEC9061684DC6300CBC403 /* NSManagedObjectModel+MagicalRecord.h */ = {isa = PBXFileReference; fileEncoding = 4; lastKnownFileType = sourcecode.c.h; path = "NSManagedObjectModel+MagicalRecord.h"; sourceTree = "<group>"; };
		09CEC9071684DC6300CBC403 /* NSManagedObjectModel+MagicalRecord.m */ = {isa = PBXFileReference; fileEncoding = 4; lastKnownFileType = sourcecode.c.objc; path = "NSManagedObjectModel+MagicalRecord.m"; sourceTree = "<group>"; };
		09CEC9081684DC6300CBC403 /* NSPersistentStore+MagicalRecord.h */ = {isa = PBXFileReference; fileEncoding = 4; lastKnownFileType = sourcecode.c.h; path = "NSPersistentStore+MagicalRecord.h"; sourceTree = "<group>"; };
		09CEC9091684DC6300CBC403 /* NSPersistentStore+MagicalRecord.m */ = {isa = PBXFileReference; fileEncoding = 4; lastKnownFileType = sourcecode.c.objc; path = "NSPersistentStore+MagicalRecord.m"; sourceTree = "<group>"; };
		09CEC90A1684DC6300CBC403 /* NSPersistentStoreCoordinator+MagicalRecord.h */ = {isa = PBXFileReference; fileEncoding = 4; lastKnownFileType = sourcecode.c.h; path = "NSPersistentStoreCoordinator+MagicalRecord.h"; sourceTree = "<group>"; };
		09CEC90B1684DC6300CBC403 /* NSPersistentStoreCoordinator+MagicalRecord.m */ = {isa = PBXFileReference; fileEncoding = 4; lastKnownFileType = sourcecode.c.objc; path = "NSPersistentStoreCoordinator+MagicalRecord.m"; sourceTree = "<group>"; };
		09CEC90D1684DC6300CBC403 /* MagicalRecord+Actions.h */ = {isa = PBXFileReference; fileEncoding = 4; lastKnownFileType = sourcecode.c.h; path = "MagicalRecord+Actions.h"; sourceTree = "<group>"; };
		09CEC90E1684DC6300CBC403 /* MagicalRecord+Actions.m */ = {isa = PBXFileReference; fileEncoding = 4; lastKnownFileType = sourcecode.c.objc; path = "MagicalRecord+Actions.m"; sourceTree = "<group>"; };
		09CEC90F1684DC6300CBC403 /* MagicalRecord+ErrorHandling.h */ = {isa = PBXFileReference; fileEncoding = 4; lastKnownFileType = sourcecode.c.h; path = "MagicalRecord+ErrorHandling.h"; sourceTree = "<group>"; };
		09CEC9101684DC6300CBC403 /* MagicalRecord+ErrorHandling.m */ = {isa = PBXFileReference; fileEncoding = 4; lastKnownFileType = sourcecode.c.objc; path = "MagicalRecord+ErrorHandling.m"; sourceTree = "<group>"; };
		09CEC9111684DC6300CBC403 /* MagicalRecord+iCloud.h */ = {isa = PBXFileReference; fileEncoding = 4; lastKnownFileType = sourcecode.c.h; path = "MagicalRecord+iCloud.h"; sourceTree = "<group>"; };
		09CEC9121684DC6300CBC403 /* MagicalRecord+iCloud.m */ = {isa = PBXFileReference; fileEncoding = 4; lastKnownFileType = sourcecode.c.objc; path = "MagicalRecord+iCloud.m"; sourceTree = "<group>"; };
		09CEC9131684DC6300CBC403 /* MagicalRecord+Options.h */ = {isa = PBXFileReference; fileEncoding = 4; lastKnownFileType = sourcecode.c.h; path = "MagicalRecord+Options.h"; sourceTree = "<group>"; };
		09CEC9141684DC6300CBC403 /* MagicalRecord+Options.m */ = {isa = PBXFileReference; fileEncoding = 4; lastKnownFileType = sourcecode.c.objc; path = "MagicalRecord+Options.m"; sourceTree = "<group>"; };
		09CEC9151684DC6300CBC403 /* MagicalRecord+Setup.h */ = {isa = PBXFileReference; fileEncoding = 4; lastKnownFileType = sourcecode.c.h; path = "MagicalRecord+Setup.h"; sourceTree = "<group>"; };
		09CEC9161684DC6300CBC403 /* MagicalRecord+Setup.m */ = {isa = PBXFileReference; fileEncoding = 4; lastKnownFileType = sourcecode.c.objc; path = "MagicalRecord+Setup.m"; sourceTree = "<group>"; };
		09CEC9171684DC6300CBC403 /* MagicalRecord+ShorthandSupport.h */ = {isa = PBXFileReference; fileEncoding = 4; lastKnownFileType = sourcecode.c.h; path = "MagicalRecord+ShorthandSupport.h"; sourceTree = "<group>"; };
		09CEC9181684DC6300CBC403 /* MagicalRecord+ShorthandSupport.m */ = {isa = PBXFileReference; fileEncoding = 4; lastKnownFileType = sourcecode.c.objc; path = "MagicalRecord+ShorthandSupport.m"; sourceTree = "<group>"; };
		09CEC9191684DC6300CBC403 /* MagicalRecord.h */ = {isa = PBXFileReference; fileEncoding = 4; lastKnownFileType = sourcecode.c.h; path = MagicalRecord.h; sourceTree = "<group>"; };
		09CEC91A1684DC6300CBC403 /* MagicalRecord.m */ = {isa = PBXFileReference; fileEncoding = 4; lastKnownFileType = sourcecode.c.objc; path = MagicalRecord.m; sourceTree = "<group>"; };
		09CEC91B1684DC6300CBC403 /* MagicalRecordShorthand.h */ = {isa = PBXFileReference; fileEncoding = 4; lastKnownFileType = sourcecode.c.h; path = MagicalRecordShorthand.h; sourceTree = "<group>"; };
		09CEC91C1684DC6300CBC403 /* CoreData+MagicalRecord.h */ = {isa = PBXFileReference; fileEncoding = 4; lastKnownFileType = sourcecode.c.h; path = "CoreData+MagicalRecord.h"; sourceTree = "<group>"; };
		09E189DE168945E000E262CD /* icon.png */ = {isa = PBXFileReference; lastKnownFileType = image.png; path = icon.png; sourceTree = "<group>"; };
		09E189E6168A000300E262CD /* zh-Hans */ = {isa = PBXFileReference; lastKnownFileType = text.plist.strings; name = "zh-Hans"; path = "zh-Hans.lproj/InfoPlist.strings"; sourceTree = "<group>"; };
		09E189F1168B45B700E262CD /* GCPlaceholderTextView.h */ = {isa = PBXFileReference; fileEncoding = 4; lastKnownFileType = sourcecode.c.h; path = GCPlaceholderTextView.h; sourceTree = "<group>"; };
		09E189F2168B45B700E262CD /* GCPlaceholderTextView.m */ = {isa = PBXFileReference; fileEncoding = 4; lastKnownFileType = sourcecode.c.objc; path = GCPlaceholderTextView.m; sourceTree = "<group>"; };
/* End PBXFileReference section */

/* Begin PBXFrameworksBuildPhase section */
		090F13F116807D220020EDC2 /* Frameworks */ = {
			isa = PBXFrameworksBuildPhase;
			buildActionMask = 2147483647;
			files = (
				091DA68C1687533400BC4D11 /* MediaPlayer.framework in Frameworks */,
				09C16C221696BF2F00647ED7 /* SystemConfiguration.framework in Frameworks */,
				091DA69216876B4E00BC4D11 /* MobileCoreServices.framework in Frameworks */,
				091DA6901687534600BC4D11 /* CoreAudio.framework in Frameworks */,
				091DA68E1687533F00BC4D11 /* CoreMedia.framework in Frameworks */,
				090F149F1680AA7F0020EDC2 /* CoreData.framework in Frameworks */,
				090F144116807F7F0020EDC2 /* QuartzCore.framework in Frameworks */,
				090F13F916807D220020EDC2 /* UIKit.framework in Frameworks */,
				090F13FB16807D220020EDC2 /* Foundation.framework in Frameworks */,
				090F13FD16807D220020EDC2 /* CoreGraphics.framework in Frameworks */,
			);
			runOnlyForDeploymentPostprocessing = 0;
		};
/* End PBXFrameworksBuildPhase section */

/* Begin PBXGroup section */
		09065BB716A1B3580000B256 /* Third view */ = {
			isa = PBXGroup;
			children = (
				09065BC816A1CC190000B256 /* Settings view */,
				09065BB816A1B3960000B256 /* ThirdTableViewController.h */,
				09065BB916A1B3960000B256 /* ThirdTableViewController.m */,
			);
			name = "Third view";
			sourceTree = "<group>";
		};
		09065BBB16A1B8FD0000B256 /* Second view */ = {
			isa = PBXGroup;
			children = (
			);
			name = "Second view";
			sourceTree = "<group>";
		};
		09065BC816A1CC190000B256 /* Settings view */ = {
			isa = PBXGroup;
			children = (
				09065BC916A1CC370000B256 /* SettingsTableViewController.h */,
				09065BCA16A1CC370000B256 /* SettingsTableViewController.m */,
			);
			name = "Settings view";
			sourceTree = "<group>";
		};
		090F13E916807D220020EDC2 = {
			isa = PBXGroup;
			children = (
				09065BB416A1B17D0000B256 /* 头像.png */,
				09E189DE168945E000E262CD /* icon.png */,
				090F13FE16807D220020EDC2 /* Q&A */,
				090F13F716807D220020EDC2 /* Frameworks */,
				090F13F516807D220020EDC2 /* Products */,
			);
			sourceTree = "<group>";
		};
		090F13F516807D220020EDC2 /* Products */ = {
			isa = PBXGroup;
			children = (
				090F13F416807D220020EDC2 /* Q&A.app */,
			);
			name = Products;
			sourceTree = "<group>";
		};
		090F13F716807D220020EDC2 /* Frameworks */ = {
			isa = PBXGroup;
			children = (
				09C16C211696BF2F00647ED7 /* SystemConfiguration.framework */,
				091DA69116876B4E00BC4D11 /* MobileCoreServices.framework */,
				091DA68F1687534600BC4D11 /* CoreAudio.framework */,
				091DA68D1687533E00BC4D11 /* CoreMedia.framework */,
				091DA68B1687533400BC4D11 /* MediaPlayer.framework */,
				090F149E1680AA7F0020EDC2 /* CoreData.framework */,
				090F144016807F7F0020EDC2 /* QuartzCore.framework */,
				090F13F816807D220020EDC2 /* UIKit.framework */,
				090F13FA16807D220020EDC2 /* Foundation.framework */,
				090F13FC16807D220020EDC2 /* CoreGraphics.framework */,
			);
			name = Frameworks;
			sourceTree = "<group>";
		};
		090F13FE16807D220020EDC2 /* Q&A */ = {
			isa = PBXGroup;
			children = (
				090F143F16807F2C0020EDC2 /* Story board */,
				090F143C16807EF80020EDC2 /* Tab bar  */,
				092385F016A69D7E0066E8B3 /* Login view */,
				091DA67B16873D6400BC4D11 /* New Question View */,
				0938DA6A16A6C4F70093608C /* Third APIs */,
				090F143716807E330020EDC2 /* App Delegate */,
				090F13FF16807D220020EDC2 /* Supporting Files */,
			);
			path = "Q&A";
			sourceTree = "<group>";
		};
		090F13FF16807D220020EDC2 /* Supporting Files */ = {
			isa = PBXGroup;
			children = (
				09A728081699B79500088017 /* Defines */,
				090F140016807D220020EDC2 /* Q&A-Info.plist */,
				090F140116807D220020EDC2 /* InfoPlist.strings */,
				090F140416807D220020EDC2 /* main.m */,
				090F140616807D220020EDC2 /* Q&A-Prefix.pch */,
				090F140A16807D220020EDC2 /* Default.png */,
				090F140C16807D220020EDC2 /* Default@2x.png */,
				090F140E16807D220020EDC2 /* Default-568h@2x.png */,
			);
			name = "Supporting Files";
			sourceTree = "<group>";
		};
		090F142B16807E2A0020EDC2 /* SDSegmentedControl */ = {
			isa = PBXGroup;
			children = (
				090F144216807FFE0020EDC2 /* clock.png */,
				090F142C16807E2A0020EDC2 /* SDSegmentedControl.h */,
				090F142D16807E2A0020EDC2 /* SDSegmentedControl.m */,
			);
			path = SDSegmentedControl;
			sourceTree = "<group>";
		};
		090F143716807E330020EDC2 /* App Delegate */ = {
			isa = PBXGroup;
			children = (
				090F142116807E2A0020EDC2 /* AppDelegate.h */,
				090F142216807E2A0020EDC2 /* AppDelegate.m */,
			);
			name = "App Delegate";
			sourceTree = "<group>";
		};
		090F143816807E670020EDC2 /* Answers table view */ = {
			isa = PBXGroup;
			children = (
				09A727FA16995CE000088017 /* QuestionDetail cell */,
				09A727F516995A4700088017 /* Answer cell */,
				090F142316807E2A0020EDC2 /* AnswersTableViewController.h */,
				090F142416807E2A0020EDC2 /* AnswersTableViewController.m */,
			);
			name = "Answers table view";
			sourceTree = "<group>";
		};
		090F143916807E970020EDC2 /* First table view */ = {
			isa = PBXGroup;
			children = (
				090F142716807E2A0020EDC2 /* QuestionTableViewController.h */,
				090F142816807E2A0020EDC2 /* QuestionTableViewController.m */,
				090F143A16807EC80020EDC2 /* Question cell */,
				090F143816807E670020EDC2 /* Answers table view */,
				090F14A61680ADF00020EDC2 /* First table view data */,
			);
			name = "First table view";
			sourceTree = "<group>";
		};
		090F143A16807EC80020EDC2 /* Question cell */ = {
			isa = PBXGroup;
			children = (
				090F142516807E2A0020EDC2 /* QuestionCell.h */,
				090F142616807E2A0020EDC2 /* QuestionCell.m */,
			);
			name = "Question cell";
			sourceTree = "<group>";
		};
		090F143B16807EEB0020EDC2 /* First view */ = {
			isa = PBXGroup;
			children = (
				090F142916807E2A0020EDC2 /* FirstViewController.h */,
				090F142A16807E2A0020EDC2 /* FirstViewController.m */,
				090F143916807E970020EDC2 /* First table view */,
			);
			name = "First view";
			sourceTree = "<group>";
		};
		090F143C16807EF80020EDC2 /* Tab bar  */ = {
			isa = PBXGroup;
			children = (
				090F143B16807EEB0020EDC2 /* First view */,
				09065BBB16A1B8FD0000B256 /* Second view */,
				09065BB716A1B3580000B256 /* Third view */,
				091DA6631685F27100BC4D11 /* first.png */,
				091DA6641685F27100BC4D11 /* first@2x.png */,
				091DA6651685F27100BC4D11 /* second2.png */,
				091DA6661685F27100BC4D11 /* second2@2x.png */,
				091DA6671685F27100BC4D11 /* third.png */,
				091DA6681685F27100BC4D11 /* third@2x.png */,
				090F142E16807E2A0020EDC2 /* TabBarViewController.h */,
				090F142F16807E2A0020EDC2 /* TabBarViewController.m */,
			);
			name = "Tab bar ";
			sourceTree = "<group>";
		};
		090F143F16807F2C0020EDC2 /* Story board */ = {
			isa = PBXGroup;
			children = (
				090F143D16807F260020EDC2 /* MainStoryboard.storyboard */,
			);
			name = "Story board";
			sourceTree = "<group>";
		};
		090F14A61680ADF00020EDC2 /* First table view data */ = {
			isa = PBXGroup;
			children = (
				091FB2DE169823C000E9B997 /* Video.h */,
				091FB2DF169823C000E9B997 /* Video.m */,
				091FB2E716989A8C00E9B997 /* Video+Insert.h */,
				091FB2E816989A8D00E9B997 /* Video+Insert.m */,
				091FB2E4169823C100E9B997 /* Question.h */,
				091FB2E5169823C100E9B997 /* Question.m */,
				090C2D0F1682EFC5008051F1 /* Question+Insert.h */,
				090C2D101682EFC5008051F1 /* Question+Insert.m */,
				091FB2E1169823C000E9B997 /* Answer.h */,
				091FB2E2169823C000E9B997 /* Answer.m */,
				091FB2EA16989B3900E9B997 /* Answer+Insert.h */,
				091FB2EB16989B3900E9B997 /* Answer+Insert.m */,
				090C2D1816830460008051F1 /* CoreDataTableViewController.h */,
				090C2D1916830460008051F1 /* CoreDataTableViewController.m */,
				090F14A01680AAF10020EDC2 /* Q&ADataModel.xcdatamodeld */,
				090F14AB1680C0120020EDC2 /* JSON Data */,
			);
			name = "First table view data";
			sourceTree = "<group>";
		};
		090F14AB1680C0120020EDC2 /* JSON Data */ = {
			isa = PBXGroup;
			children = (
				090F14AC1680C0B20020EDC2 /* JSON.h */,
				090F14AD1680C0B20020EDC2 /* JSON.m */,
			);
			name = "JSON Data";
			sourceTree = "<group>";
		};
		091DA6531685E55000BC4D11 /* SVStatusHUD */ = {
			isa = PBXGroup;
			children = (
				091DA6541685E55000BC4D11 /* SVStatusHUD.h */,
				091DA6551685E55000BC4D11 /* SVStatusHUD.m */,
				091DA6561685E55000BC4D11 /* wifi_@2x.png */,
				091DA6571685E55000BC4D11 /* wifi_break.png */,
				091DA6581685E55000BC4D11 /* wifi_break@2x.png */,
			);
			path = SVStatusHUD;
			sourceTree = "<group>";
		};
		091DA67B16873D6400BC4D11 /* New Question View */ = {
			isa = PBXGroup;
			children = (
				091DA68016873DD100BC4D11 /* NewQuestionViewController.h */,
				091DA68116873DD100BC4D11 /* NewQuestionViewController.m */,
				091DA69316876E9A00BC4D11 /* NewQuestionViewController+CameraDelegateMethods.h */,
				091DA69416876E9A00BC4D11 /* NewQuestionViewController+CameraDelegateMethods.m */,
				091DA69916877CE100BC4D11 /* NewQuestionViewController+KeyboardMethods.h */,
				091DA69A16877CE100BC4D11 /* NewQuestionViewController+KeyboardMethods.m */,
			);
			name = "New Question View";
			sourceTree = "<group>";
		};
		092385F016A69D7E0066E8B3 /* Login view */ = {
			isa = PBXGroup;
			children = (
				092385F216A69DA10066E8B3 /* LoginViewController.h */,
				092385F316A69DA10066E8B3 /* LoginViewController.m */,
			);
			name = "Login view";
			sourceTree = "<group>";
		};
		0938DA6A16A6C4F70093608C /* Third APIs */ = {
			isa = PBXGroup;
			children = (
				091DA6531685E55000BC4D11 /* SVStatusHUD */,
				090F142B16807E2A0020EDC2 /* SDSegmentedControl */,
				09CEC8E11684DC6300CBC403 /* MagicalRecord */,
				09E189EF168B459500E262CD /* textView with placeholder */,
				094A824A16933C3800208A29 /* AFNetworking */,
			);
			name = "Third APIs";
			sourceTree = "<group>";
		};
		094A824A16933C3800208A29 /* AFNetworking */ = {
			isa = PBXGroup;
			children = (
				094A824B16933C3800208A29 /* AFHTTPClient.h */,
				094A824C16933C3800208A29 /* AFHTTPClient.m */,
				094A824D16933C3800208A29 /* AFHTTPRequestOperation.h */,
				094A824E16933C3800208A29 /* AFHTTPRequestOperation.m */,
				094A824F16933C3800208A29 /* AFImageRequestOperation.h */,
				094A825016933C3800208A29 /* AFImageRequestOperation.m */,
				094A825116933C3800208A29 /* AFJSONRequestOperation.h */,
				094A825216933C3800208A29 /* AFJSONRequestOperation.m */,
				094A825316933C3800208A29 /* AFNetworkActivityIndicatorManager.h */,
				094A825416933C3800208A29 /* AFNetworkActivityIndicatorManager.m */,
				094A825516933C3800208A29 /* AFNetworking.h */,
				094A825616933C3800208A29 /* AFPropertyListRequestOperation.h */,
				094A825716933C3800208A29 /* AFPropertyListRequestOperation.m */,
				094A825816933C3800208A29 /* AFURLConnectionOperation.h */,
				094A825916933C3800208A29 /* AFURLConnectionOperation.m */,
				094A825A16933C3800208A29 /* AFXMLRequestOperation.h */,
				094A825B16933C3800208A29 /* AFXMLRequestOperation.m */,
				094A825C16933C3800208A29 /* UIImageView+AFNetworking.h */,
				094A825D16933C3800208A29 /* UIImageView+AFNetworking.m */,
			);
			path = AFNetworking;
			sourceTree = "<group>";
		};
		09A727F516995A4700088017 /* Answer cell */ = {
			isa = PBXGroup;
			children = (
				09A727F716995A6E00088017 /* AnswerCell.h */,
				09A727F816995A6E00088017 /* AnswerCell.m */,
			);
			name = "Answer cell";
			sourceTree = "<group>";
		};
		09A727FA16995CE000088017 /* QuestionDetail cell */ = {
			isa = PBXGroup;
			children = (
				09A727FB16995CF800088017 /* QuestionDetailCell.h */,
				09A727FC16995CF800088017 /* QuestionDetailCell.m */,
			);
			name = "QuestionDetail cell";
			sourceTree = "<group>";
		};
		09A728081699B79500088017 /* Defines */ = {
			isa = PBXGroup;
			children = (
				09A7280D1699BB5300088017 /* Defines.h */,
			);
			name = Defines;
			sourceTree = "<group>";
		};
		09CEC8E11684DC6300CBC403 /* MagicalRecord */ = {
			isa = PBXGroup;
			children = (
				09CEC8E21684DC6300CBC403 /* Categories */,
				09CEC90C1684DC6300CBC403 /* Core */,
				09CEC91C1684DC6300CBC403 /* CoreData+MagicalRecord.h */,
			);
			path = MagicalRecord;
			sourceTree = "<group>";
		};
		09CEC8E21684DC6300CBC403 /* Categories */ = {
			isa = PBXGroup;
			children = (
				09CEC8E31684DC6300CBC403 /* DataImport */,
				09CEC8F21684DC6300CBC403 /* NSManagedObject */,
				09CEC8FD1684DC6300CBC403 /* NSManagedObjectContext */,
				09CEC9061684DC6300CBC403 /* NSManagedObjectModel+MagicalRecord.h */,
				09CEC9071684DC6300CBC403 /* NSManagedObjectModel+MagicalRecord.m */,
				09CEC9081684DC6300CBC403 /* NSPersistentStore+MagicalRecord.h */,
				09CEC9091684DC6300CBC403 /* NSPersistentStore+MagicalRecord.m */,
				09CEC90A1684DC6300CBC403 /* NSPersistentStoreCoordinator+MagicalRecord.h */,
				09CEC90B1684DC6300CBC403 /* NSPersistentStoreCoordinator+MagicalRecord.m */,
			);
			path = Categories;
			sourceTree = "<group>";
		};
		09CEC8E31684DC6300CBC403 /* DataImport */ = {
			isa = PBXGroup;
			children = (
				09CEC8E41684DC6300CBC403 /* MagicalImportFunctions.h */,
				09CEC8E51684DC6300CBC403 /* MagicalImportFunctions.m */,
				09CEC8E61684DC6300CBC403 /* NSAttributeDescription+MagicalDataImport.h */,
				09CEC8E71684DC6300CBC403 /* NSAttributeDescription+MagicalDataImport.m */,
				09CEC8E81684DC6300CBC403 /* NSEntityDescription+MagicalDataImport.h */,
				09CEC8E91684DC6300CBC403 /* NSEntityDescription+MagicalDataImport.m */,
				09CEC8EA1684DC6300CBC403 /* NSNumber+MagicalDataImport.h */,
				09CEC8EB1684DC6300CBC403 /* NSNumber+MagicalDataImport.m */,
				09CEC8EC1684DC6300CBC403 /* NSObject+MagicalDataImport.h */,
				09CEC8ED1684DC6300CBC403 /* NSObject+MagicalDataImport.m */,
				09CEC8EE1684DC6300CBC403 /* NSRelationshipDescription+MagicalDataImport.h */,
				09CEC8EF1684DC6300CBC403 /* NSRelationshipDescription+MagicalDataImport.m */,
				09CEC8F01684DC6300CBC403 /* NSString+MagicalDataImport.h */,
				09CEC8F11684DC6300CBC403 /* NSString+MagicalDataImport.m */,
			);
			path = DataImport;
			sourceTree = "<group>";
		};
		09CEC8F21684DC6300CBC403 /* NSManagedObject */ = {
			isa = PBXGroup;
			children = (
				09CEC8F31684DC6300CBC403 /* NSManagedObject+MagicalAggregation.h */,
				09CEC8F41684DC6300CBC403 /* NSManagedObject+MagicalAggregation.m */,
				09CEC8F51684DC6300CBC403 /* NSManagedObject+MagicalDataImport.h */,
				09CEC8F61684DC6300CBC403 /* NSManagedObject+MagicalDataImport.m */,
				09CEC8F71684DC6300CBC403 /* NSManagedObject+MagicalFinders.h */,
				09CEC8F81684DC6300CBC403 /* NSManagedObject+MagicalFinders.m */,
				09CEC8F91684DC6300CBC403 /* NSManagedObject+MagicalRecord.h */,
				09CEC8FA1684DC6300CBC403 /* NSManagedObject+MagicalRecord.m */,
				09CEC8FB1684DC6300CBC403 /* NSManagedObject+MagicalRequests.h */,
				09CEC8FC1684DC6300CBC403 /* NSManagedObject+MagicalRequests.m */,
			);
			path = NSManagedObject;
			sourceTree = "<group>";
		};
		09CEC8FD1684DC6300CBC403 /* NSManagedObjectContext */ = {
			isa = PBXGroup;
			children = (
				09CEC8FE1684DC6300CBC403 /* NSManagedObjectContext+MagicalObserving.h */,
				09CEC8FF1684DC6300CBC403 /* NSManagedObjectContext+MagicalObserving.m */,
				09CEC9001684DC6300CBC403 /* NSManagedObjectContext+MagicalRecord.h */,
				09CEC9011684DC6300CBC403 /* NSManagedObjectContext+MagicalRecord.m */,
				09CEC9021684DC6300CBC403 /* NSManagedObjectContext+MagicalSaves.h */,
				09CEC9031684DC6300CBC403 /* NSManagedObjectContext+MagicalSaves.m */,
				09CEC9041684DC6300CBC403 /* NSManagedObjectContext+MagicalThreading.h */,
				09CEC9051684DC6300CBC403 /* NSManagedObjectContext+MagicalThreading.m */,
			);
			path = NSManagedObjectContext;
			sourceTree = "<group>";
		};
		09CEC90C1684DC6300CBC403 /* Core */ = {
			isa = PBXGroup;
			children = (
				09CEC90D1684DC6300CBC403 /* MagicalRecord+Actions.h */,
				09CEC90E1684DC6300CBC403 /* MagicalRecord+Actions.m */,
				09CEC90F1684DC6300CBC403 /* MagicalRecord+ErrorHandling.h */,
				09CEC9101684DC6300CBC403 /* MagicalRecord+ErrorHandling.m */,
				09CEC9111684DC6300CBC403 /* MagicalRecord+iCloud.h */,
				09CEC9121684DC6300CBC403 /* MagicalRecord+iCloud.m */,
				09CEC9131684DC6300CBC403 /* MagicalRecord+Options.h */,
				09CEC9141684DC6300CBC403 /* MagicalRecord+Options.m */,
				09CEC9151684DC6300CBC403 /* MagicalRecord+Setup.h */,
				09CEC9161684DC6300CBC403 /* MagicalRecord+Setup.m */,
				09CEC9171684DC6300CBC403 /* MagicalRecord+ShorthandSupport.h */,
				09CEC9181684DC6300CBC403 /* MagicalRecord+ShorthandSupport.m */,
				09CEC9191684DC6300CBC403 /* MagicalRecord.h */,
				09CEC91A1684DC6300CBC403 /* MagicalRecord.m */,
				09CEC91B1684DC6300CBC403 /* MagicalRecordShorthand.h */,
			);
			path = Core;
			sourceTree = "<group>";
		};
		09E189EF168B459500E262CD /* textView with placeholder */ = {
			isa = PBXGroup;
			children = (
				09E189F1168B45B700E262CD /* GCPlaceholderTextView.h */,
				09E189F2168B45B700E262CD /* GCPlaceholderTextView.m */,
			);
			name = "textView with placeholder";
			sourceTree = "<group>";
		};
/* End PBXGroup section */

/* Begin PBXNativeTarget section */
		090F13F316807D220020EDC2 /* Q&A */ = {
			isa = PBXNativeTarget;
			buildConfigurationList = 090F141816807D230020EDC2 /* Build configuration list for PBXNativeTarget "Q&A" */;
			buildPhases = (
				090F13F016807D220020EDC2 /* Sources */,
				090F13F116807D220020EDC2 /* Frameworks */,
				090F13F216807D220020EDC2 /* Resources */,
			);
			buildRules = (
			);
			dependencies = (
			);
			name = "Q&A";
			productName = "Q&A";
			productReference = 090F13F416807D220020EDC2 /* Q&A.app */;
			productType = "com.apple.product-type.application";
		};
/* End PBXNativeTarget section */

/* Begin PBXProject section */
		090F13EB16807D220020EDC2 /* Project object */ = {
			isa = PBXProject;
			attributes = {
				LastUpgradeCheck = 0450;
				ORGANIZATIONNAME = "刘廷勇";
			};
			buildConfigurationList = 090F13EE16807D220020EDC2 /* Build configuration list for PBXProject "Q&A" */;
			compatibilityVersion = "Xcode 3.2";
			developmentRegion = English;
			hasScannedForEncodings = 0;
			knownRegions = (
				en,
				"zh-Hans",
			);
			mainGroup = 090F13E916807D220020EDC2;
			productRefGroup = 090F13F516807D220020EDC2 /* Products */;
			projectDirPath = "";
			projectRoot = "";
			targets = (
				090F13F316807D220020EDC2 /* Q&A */,
			);
		};
/* End PBXProject section */

/* Begin PBXResourcesBuildPhase section */
		090F13F216807D220020EDC2 /* Resources */ = {
			isa = PBXResourcesBuildPhase;
			buildActionMask = 2147483647;
			files = (
				090F140316807D220020EDC2 /* InfoPlist.strings in Resources */,
				090F140B16807D220020EDC2 /* Default.png in Resources */,
				090F140D16807D220020EDC2 /* Default@2x.png in Resources */,
				090F140F16807D220020EDC2 /* Default-568h@2x.png in Resources */,
				090F143E16807F260020EDC2 /* MainStoryboard.storyboard in Resources */,
				090F144316807FFE0020EDC2 /* clock.png in Resources */,
				091DA65A1685E55000BC4D11 /* wifi_@2x.png in Resources */,
				091DA65B1685E55000BC4D11 /* wifi_break.png in Resources */,
				091DA65C1685E55000BC4D11 /* wifi_break@2x.png in Resources */,
				091DA6691685F27100BC4D11 /* first.png in Resources */,
				091DA66A1685F27100BC4D11 /* first@2x.png in Resources */,
				091DA66B1685F27100BC4D11 /* second2.png in Resources */,
				091DA66C1685F27100BC4D11 /* second2@2x.png in Resources */,
				091DA66D1685F27100BC4D11 /* third.png in Resources */,
				091DA66E1685F27100BC4D11 /* third@2x.png in Resources */,
				09E189DF168945E000E262CD /* icon.png in Resources */,
				09065BB516A1B17D0000B256 /* 头像.png in Resources */,
			);
			runOnlyForDeploymentPostprocessing = 0;
		};
/* End PBXResourcesBuildPhase section */

/* Begin PBXSourcesBuildPhase section */
		090F13F016807D220020EDC2 /* Sources */ = {
			isa = PBXSourcesBuildPhase;
			buildActionMask = 2147483647;
			files = (
				090F140516807D220020EDC2 /* main.m in Sources */,
				090F143016807E2A0020EDC2 /* AppDelegate.m in Sources */,
				090F143116807E2A0020EDC2 /* AnswersTableViewController.m in Sources */,
				090F143216807E2A0020EDC2 /* QuestionCell.m in Sources */,
				090F143316807E2A0020EDC2 /* QuestionTableViewController.m in Sources */,
				090F143416807E2A0020EDC2 /* FirstViewController.m in Sources */,
				090F143516807E2A0020EDC2 /* SDSegmentedControl.m in Sources */,
				090F143616807E2A0020EDC2 /* TabBarViewController.m in Sources */,
				090F14A21680AAF20020EDC2 /* Q&ADataModel.xcdatamodeld in Sources */,
				090F14AE1680C0B20020EDC2 /* JSON.m in Sources */,
				090C2D111682EFC5008051F1 /* Question+Insert.m in Sources */,
				090C2D1A16830460008051F1 /* CoreDataTableViewController.m in Sources */,
				09CEC91D1684DC6300CBC403 /* MagicalImportFunctions.m in Sources */,
				09CEC91E1684DC6300CBC403 /* NSAttributeDescription+MagicalDataImport.m in Sources */,
				09CEC91F1684DC6300CBC403 /* NSEntityDescription+MagicalDataImport.m in Sources */,
				09CEC9201684DC6300CBC403 /* NSNumber+MagicalDataImport.m in Sources */,
				09CEC9211684DC6300CBC403 /* NSObject+MagicalDataImport.m in Sources */,
				09CEC9221684DC6300CBC403 /* NSRelationshipDescription+MagicalDataImport.m in Sources */,
				09CEC9231684DC6300CBC403 /* NSString+MagicalDataImport.m in Sources */,
				09CEC9241684DC6300CBC403 /* NSManagedObject+MagicalAggregation.m in Sources */,
				09CEC9251684DC6300CBC403 /* NSManagedObject+MagicalDataImport.m in Sources */,
				09CEC9261684DC6300CBC403 /* NSManagedObject+MagicalFinders.m in Sources */,
				09CEC9271684DC6300CBC403 /* NSManagedObject+MagicalRecord.m in Sources */,
				09CEC9281684DC6300CBC403 /* NSManagedObject+MagicalRequests.m in Sources */,
				09CEC9291684DC6300CBC403 /* NSManagedObjectContext+MagicalObserving.m in Sources */,
				09CEC92A1684DC6300CBC403 /* NSManagedObjectContext+MagicalRecord.m in Sources */,
				09CEC92B1684DC6300CBC403 /* NSManagedObjectContext+MagicalSaves.m in Sources */,
				09CEC92C1684DC6300CBC403 /* NSManagedObjectContext+MagicalThreading.m in Sources */,
				09CEC92D1684DC6300CBC403 /* NSManagedObjectModel+MagicalRecord.m in Sources */,
				09CEC92E1684DC6300CBC403 /* NSPersistentStore+MagicalRecord.m in Sources */,
				09CEC92F1684DC6300CBC403 /* NSPersistentStoreCoordinator+MagicalRecord.m in Sources */,
				09CEC9301684DC6300CBC403 /* MagicalRecord+Actions.m in Sources */,
				09CEC9311684DC6300CBC403 /* MagicalRecord+ErrorHandling.m in Sources */,
				09CEC9321684DC6300CBC403 /* MagicalRecord+iCloud.m in Sources */,
				09CEC9331684DC6300CBC403 /* MagicalRecord+Options.m in Sources */,
				09CEC9341684DC6300CBC403 /* MagicalRecord+Setup.m in Sources */,
				09CEC9351684DC6300CBC403 /* MagicalRecord+ShorthandSupport.m in Sources */,
				09CEC9361684DC6300CBC403 /* MagicalRecord.m in Sources */,
				091DA6591685E55000BC4D11 /* SVStatusHUD.m in Sources */,
				091DA68216873DD100BC4D11 /* NewQuestionViewController.m in Sources */,
				091DA69516876E9A00BC4D11 /* NewQuestionViewController+CameraDelegateMethods.m in Sources */,
				091DA69B16877CE100BC4D11 /* NewQuestionViewController+KeyboardMethods.m in Sources */,
				09E189F3168B45B700E262CD /* GCPlaceholderTextView.m in Sources */,
				094A825E16933C3800208A29 /* AFHTTPClient.m in Sources */,
				094A825F16933C3800208A29 /* AFHTTPRequestOperation.m in Sources */,
				094A826016933C3800208A29 /* AFImageRequestOperation.m in Sources */,
				094A826116933C3800208A29 /* AFJSONRequestOperation.m in Sources */,
				094A826216933C3800208A29 /* AFNetworkActivityIndicatorManager.m in Sources */,
				094A826316933C3800208A29 /* AFPropertyListRequestOperation.m in Sources */,
				094A826416933C3800208A29 /* AFURLConnectionOperation.m in Sources */,
				094A826516933C3800208A29 /* AFXMLRequestOperation.m in Sources */,
				094A826616933C3800208A29 /* UIImageView+AFNetworking.m in Sources */,
				091FB2E0169823C000E9B997 /* Video.m in Sources */,
				091FB2E3169823C000E9B997 /* Answer.m in Sources */,
				091FB2E6169823C100E9B997 /* Question.m in Sources */,
				091FB2E916989A8D00E9B997 /* Video+Insert.m in Sources */,
				091FB2EC16989B3A00E9B997 /* Answer+Insert.m in Sources */,
				09A727F916995A6E00088017 /* AnswerCell.m in Sources */,
				09A727FD16995CF800088017 /* QuestionDetailCell.m in Sources */,
				09065BBA16A1B3960000B256 /* ThirdTableViewController.m in Sources */,
				09065BCB16A1CC370000B256 /* SettingsTableViewController.m in Sources */,
				092385F416A69DA10066E8B3 /* LoginViewController.m in Sources */,
			);
			runOnlyForDeploymentPostprocessing = 0;
		};
/* End PBXSourcesBuildPhase section */

/* Begin PBXVariantGroup section */
		090F140116807D220020EDC2 /* InfoPlist.strings */ = {
			isa = PBXVariantGroup;
			children = (
				09E189E6168A000300E262CD /* zh-Hans */,
			);
			name = InfoPlist.strings;
			sourceTree = "<group>";
		};
/* End PBXVariantGroup section */

/* Begin XCBuildConfiguration section */
		090F141616807D230020EDC2 /* Debug */ = {
			isa = XCBuildConfiguration;
			buildSettings = {
				ALWAYS_SEARCH_USER_PATHS = NO;
				CLANG_CXX_LANGUAGE_STANDARD = "gnu++0x";
				CLANG_CXX_LIBRARY = "libc++";
				CLANG_ENABLE_OBJC_ARC = YES;
				CLANG_WARN_EMPTY_BODY = YES;
				CLANG_WARN__DUPLICATE_METHOD_MATCH = YES;
				"CODE_SIGN_IDENTITY[sdk=iphoneos*]" = "iPhone Developer";
				COPY_PHASE_STRIP = NO;
				GCC_C_LANGUAGE_STANDARD = gnu99;
				GCC_DYNAMIC_NO_PIC = NO;
				GCC_OPTIMIZATION_LEVEL = 0;
				GCC_PREPROCESSOR_DEFINITIONS = (
					"DEBUG=1",
					"$(inherited)",
				);
				GCC_SYMBOLS_PRIVATE_EXTERN = NO;
				GCC_WARN_ABOUT_RETURN_TYPE = YES;
				GCC_WARN_UNINITIALIZED_AUTOS = YES;
				GCC_WARN_UNUSED_VARIABLE = YES;
				IPHONEOS_DEPLOYMENT_TARGET = 5.1;
				ONLY_ACTIVE_ARCH = YES;
				SDKROOT = iphoneos;
			};
			name = Debug;
		};
		090F141716807D230020EDC2 /* Release */ = {
			isa = XCBuildConfiguration;
			buildSettings = {
				ALWAYS_SEARCH_USER_PATHS = NO;
				CLANG_CXX_LANGUAGE_STANDARD = "gnu++0x";
				CLANG_CXX_LIBRARY = "libc++";
				CLANG_ENABLE_OBJC_ARC = YES;
				CLANG_WARN_EMPTY_BODY = YES;
				CLANG_WARN__DUPLICATE_METHOD_MATCH = YES;
				"CODE_SIGN_IDENTITY[sdk=iphoneos*]" = "iPhone Developer";
				COPY_PHASE_STRIP = YES;
				GCC_C_LANGUAGE_STANDARD = gnu99;
				GCC_WARN_ABOUT_RETURN_TYPE = YES;
				GCC_WARN_UNINITIALIZED_AUTOS = YES;
				GCC_WARN_UNUSED_VARIABLE = YES;
				IPHONEOS_DEPLOYMENT_TARGET = 5.1;
				OTHER_CFLAGS = "-DNS_BLOCK_ASSERTIONS=1";
				SDKROOT = iphoneos;
				VALIDATE_PRODUCT = YES;
			};
			name = Release;
		};
		090F141916807D230020EDC2 /* Debug */ = {
			isa = XCBuildConfiguration;
			buildSettings = {
				GCC_PRECOMPILE_PREFIX_HEADER = YES;
				GCC_PREFIX_HEADER = "Q&A/Q&A-Prefix.pch";
				INFOPLIST_FILE = "Q&A/Q&A-Info.plist";
				IPHONEOS_DEPLOYMENT_TARGET = 5.1;
				PRODUCT_NAME = "$(TARGET_NAME)";
				WRAPPER_EXTENSION = app;
			};
			name = Debug;
		};
		090F141A16807D230020EDC2 /* Release */ = {
			isa = XCBuildConfiguration;
			buildSettings = {
				GCC_PRECOMPILE_PREFIX_HEADER = YES;
				GCC_PREFIX_HEADER = "Q&A/Q&A-Prefix.pch";
				INFOPLIST_FILE = "Q&A/Q&A-Info.plist";
				IPHONEOS_DEPLOYMENT_TARGET = 5.1;
				PRODUCT_NAME = "$(TARGET_NAME)";
				WRAPPER_EXTENSION = app;
			};
			name = Release;
		};
/* End XCBuildConfiguration section */

/* Begin XCConfigurationList section */
		090F13EE16807D220020EDC2 /* Build configuration list for PBXProject "Q&A" */ = {
			isa = XCConfigurationList;
			buildConfigurations = (
				090F141616807D230020EDC2 /* Debug */,
				090F141716807D230020EDC2 /* Release */,
			);
			defaultConfigurationIsVisible = 0;
			defaultConfigurationName = Release;
		};
		090F141816807D230020EDC2 /* Build configuration list for PBXNativeTarget "Q&A" */ = {
			isa = XCConfigurationList;
			buildConfigurations = (
				090F141916807D230020EDC2 /* Debug */,
				090F141A16807D230020EDC2 /* Release */,
			);
			defaultConfigurationIsVisible = 0;
			defaultConfigurationName = Release;
		};
/* End XCConfigurationList section */

/* Begin XCVersionGroup section */
		090F14A01680AAF10020EDC2 /* Q&ADataModel.xcdatamodeld */ = {
			isa = XCVersionGroup;
			children = (
				090F14A11680AAF20020EDC2 /* Q&ADataModel.xcdatamodel */,
			);
			currentVersion = 090F14A11680AAF20020EDC2 /* Q&ADataModel.xcdatamodel */;
			path = "Q&ADataModel.xcdatamodeld";
			sourceTree = "<group>";
			versionGroupType = wrapper.xcdatamodel;
		};
/* End XCVersionGroup section */
	};
	rootObject = 090F13EB16807D220020EDC2 /* Project object */;
}
